// !$*UTF8*$!
{
	archiveVersion = 1;
	classes = {
	};
	objectVersion = 56;
	objects = {

/* Begin PBXBuildFile section */
		65121BB529C77F71009010EA /* RightSideMenu.swift in Sources */ = {isa = PBXBuildFile; fileRef = 65121BB429C77F71009010EA /* RightSideMenu.swift */; };
		65A43F9029B7A92800D34E8B /* APIRequest.swift in Sources */ = {isa = PBXBuildFile; fileRef = 65A43F8F29B7A92800D34E8B /* APIRequest.swift */; };
		65A43F9229B7A93300D34E8B /* NetworkService.swift in Sources */ = {isa = PBXBuildFile; fileRef = 65A43F9129B7A93300D34E8B /* NetworkService.swift */; };
		65A43F9429B7A93D00D34E8B /* NetworSession.swift in Sources */ = {isa = PBXBuildFile; fileRef = 65A43F9329B7A93C00D34E8B /* NetworSession.swift */; };
		65A43F9A29B7AB8200D34E8B /* Links.swift in Sources */ = {isa = PBXBuildFile; fileRef = 65A43F9929B7AB8200D34E8B /* Links.swift */; };
		65A43F9C29B7ABCA00D34E8B /* About.swift in Sources */ = {isa = PBXBuildFile; fileRef = 65A43F9B29B7ABCA00D34E8B /* About.swift */; };
		65A43F9E29B7ABFF00D34E8B /* Notifications.swift in Sources */ = {isa = PBXBuildFile; fileRef = 65A43F9D29B7ABFF00D34E8B /* Notifications.swift */; };
		65A43FA029B7AC5700D34E8B /* ObjectDetails.swift in Sources */ = {isa = PBXBuildFile; fileRef = 65A43F9F29B7AC5700D34E8B /* ObjectDetails.swift */; };
		65A43FA229B7AD6600D34E8B /* AllObjects.swift in Sources */ = {isa = PBXBuildFile; fileRef = 65A43FA129B7AD6600D34E8B /* AllObjects.swift */; };
		65A43FA529B7AEB300D34E8B /* LinksProvider.swift in Sources */ = {isa = PBXBuildFile; fileRef = 65A43FA429B7AEB300D34E8B /* LinksProvider.swift */; };
		65A43FA729B7AF3800D34E8B /* AboutProvider.swift in Sources */ = {isa = PBXBuildFile; fileRef = 65A43FA629B7AF3800D34E8B /* AboutProvider.swift */; };
		65A43FAA29B7AFE400D34E8B /* NotificationsProvider.swift in Sources */ = {isa = PBXBuildFile; fileRef = 65A43FA929B7AFE400D34E8B /* NotificationsProvider.swift */; };
		65A43FAC29B7B01C00D34E8B /* ObjectsProvider.swift in Sources */ = {isa = PBXBuildFile; fileRef = 65A43FAB29B7B01C00D34E8B /* ObjectsProvider.swift */; };
		65A43FAF29B7B17F00D34E8B /* CompositionRoot.swift in Sources */ = {isa = PBXBuildFile; fileRef = 65A43FAE29B7B17F00D34E8B /* CompositionRoot.swift */; };
		65A43FB129B7B70E00D34E8B /* LeftSideMenuView.swift in Sources */ = {isa = PBXBuildFile; fileRef = 65A43FB029B7B70E00D34E8B /* LeftSideMenuView.swift */; };
		65A43FB329B7B74500D34E8B /* sr.strings in Resources */ = {isa = PBXBuildFile; fileRef = 65A43FB229B7B74500D34E8B /* sr.strings */; };
		65A43FB629B7B86800D34E8B /* swiftgen.yml in Resources */ = {isa = PBXBuildFile; fileRef = 65A43FB529B7B86800D34E8B /* swiftgen.yml */; };
		65D38CB329B7BA7700072C9C /* Assets.swift in Sources */ = {isa = PBXBuildFile; fileRef = 65D38CB129B7BA7700072C9C /* Assets.swift */; };
		65D38CB429B7BA7700072C9C /* Strings.swift in Sources */ = {isa = PBXBuildFile; fileRef = 65D38CB229B7BA7700072C9C /* Strings.swift */; };
		65D38CB729B7BB0800072C9C /* SFSafeSymbols in Frameworks */ = {isa = PBXBuildFile; productRef = 65D38CB629B7BB0800072C9C /* SFSafeSymbols */; };
		65D38CB929B7BE9900072C9C /* AboutView.swift in Sources */ = {isa = PBXBuildFile; fileRef = 65D38CB829B7BE9900072C9C /* AboutView.swift */; };
		65D38CBB29B7C4B300072C9C /* WebView.swift in Sources */ = {isa = PBXBuildFile; fileRef = 65D38CBA29B7C4B300072C9C /* WebView.swift */; };
		65D38CBD29B7C9D900072C9C /* NotificationsView.swift in Sources */ = {isa = PBXBuildFile; fileRef = 65D38CBC29B7C9D900072C9C /* NotificationsView.swift */; };
		65D38CBF29B7CDAB00072C9C /* ReportProblemView.swift in Sources */ = {isa = PBXBuildFile; fileRef = 65D38CBE29B7CDAB00072C9C /* ReportProblemView.swift */; };
		65D38CC129B7CFFC00072C9C /* ReportProblemProvider.swift in Sources */ = {isa = PBXBuildFile; fileRef = 65D38CC029B7CFFC00072C9C /* ReportProblemProvider.swift */; };
		65D38CC529B7E21200072C9C /* ObjectDetailsView.swift in Sources */ = {isa = PBXBuildFile; fileRef = 65D38CC429B7E21200072C9C /* ObjectDetailsView.swift */; };
		65D38CC729B7E39F00072C9C /* PagingView.swift in Sources */ = {isa = PBXBuildFile; fileRef = 65D38CC629B7E39F00072C9C /* PagingView.swift */; };
		65D38CCA29B7E41F00072C9C /* SDWebImageSwiftUI in Frameworks */ = {isa = PBXBuildFile; productRef = 65D38CC929B7E41F00072C9C /* SDWebImageSwiftUI */; };
		65DC376B29C65F37003DD32A /* SplashScreen.swift in Sources */ = {isa = PBXBuildFile; fileRef = 65DC376A29C65F37003DD32A /* SplashScreen.swift */; };
		65DC376D29C66412003DD32A /* Colors.xcassets in Resources */ = {isa = PBXBuildFile; fileRef = 65DC376C29C66412003DD32A /* Colors.xcassets */; };
		65DC376F29C66828003DD32A /* QiblaView.swift in Sources */ = {isa = PBXBuildFile; fileRef = 65DC376E29C66828003DD32A /* QiblaView.swift */; };
		F60A8A5F2A1FD70200C2F4D3 /* FirebaseAnalytics in Frameworks */ = {isa = PBXBuildFile; productRef = F60A8A5E2A1FD70200C2F4D3 /* FirebaseAnalytics */; };
		F60A8A612A1FD70200C2F4D3 /* FirebaseMessaging in Frameworks */ = {isa = PBXBuildFile; productRef = F60A8A602A1FD70200C2F4D3 /* FirebaseMessaging */; };
		F60A8A632A1FDCF500C2F4D3 /* AppDelegate.swift in Sources */ = {isa = PBXBuildFile; fileRef = F60A8A622A1FDCF500C2F4D3 /* AppDelegate.swift */; };
		F6149B3329E7FC6C007D6B1F /* ObjectListView.swift in Sources */ = {isa = PBXBuildFile; fileRef = F6149B3229E7FC6C007D6B1F /* ObjectListView.swift */; };
		F61F8D5D2A168EFD00A6FDB3 /* FullScreenImageView.swift in Sources */ = {isa = PBXBuildFile; fileRef = F61F8D5C2A168EFD00A6FDB3 /* FullScreenImageView.swift */; };
		F6225B8C29F43AC60071B42B /* PrayerTime.swift in Sources */ = {isa = PBXBuildFile; fileRef = F6225B8B29F43AC60071B42B /* PrayerTime.swift */; };
		F631C20229B6771D00C4619B /* UsefulLinksSideMenuView.swift in Sources */ = {isa = PBXBuildFile; fileRef = F631C20129B6771D00C4619B /* UsefulLinksSideMenuView.swift */; };
		F660473929B36D710053D136 /* IslamskiObjektiUCrnojGoriApp.swift in Sources */ = {isa = PBXBuildFile; fileRef = F660473829B36D710053D136 /* IslamskiObjektiUCrnojGoriApp.swift */; };
		F660473B29B36D710053D136 /* HomePageView.swift in Sources */ = {isa = PBXBuildFile; fileRef = F660473A29B36D710053D136 /* HomePageView.swift */; };
		F660473D29B36D720053D136 /* Images.xcassets in Resources */ = {isa = PBXBuildFile; fileRef = F660473C29B36D720053D136 /* Images.xcassets */; };
		F660474A29B36D720053D136 /* IslamskiObjektiUCrnojGoriTests.swift in Sources */ = {isa = PBXBuildFile; fileRef = F660474929B36D720053D136 /* IslamskiObjektiUCrnojGoriTests.swift */; };
		F660475429B36D720053D136 /* IslamskiObjektiUCrnojGoriUITests.swift in Sources */ = {isa = PBXBuildFile; fileRef = F660475329B36D720053D136 /* IslamskiObjektiUCrnojGoriUITests.swift */; };
		F660475629B36D720053D136 /* IslamskiObjektiUCrnojGoriUITestsLaunchTests.swift in Sources */ = {isa = PBXBuildFile; fileRef = F660475529B36D720053D136 /* IslamskiObjektiUCrnojGoriUITestsLaunchTests.swift */; };
		F660476529B371920053D136 /* MapboxMaps in Frameworks */ = {isa = PBXBuildFile; productRef = F660476429B371920053D136 /* MapboxMaps */; };
		F660476729B371B20053D136 /* MapView.swift in Sources */ = {isa = PBXBuildFile; fileRef = F660476629B371B20053D136 /* MapView.swift */; };
		F67E920A2A19125B0091D3E0 /* MapBoxDetailView.swift in Sources */ = {isa = PBXBuildFile; fileRef = F67E92092A19125B0091D3E0 /* MapBoxDetailView.swift */; };
		F67E920C2A1917760091D3E0 /* VaktijaView.swift in Sources */ = {isa = PBXBuildFile; fileRef = F67E920B2A1917760091D3E0 /* VaktijaView.swift */; };
		F67E920E2A1917AF0091D3E0 /* PrayerTimesProvider.swift in Sources */ = {isa = PBXBuildFile; fileRef = F67E920D2A1917AF0091D3E0 /* PrayerTimesProvider.swift */; };
		F67E92102A19186B0091D3E0 /* CountdownTimerView.swift in Sources */ = {isa = PBXBuildFile; fileRef = F67E920F2A19186B0091D3E0 /* CountdownTimerView.swift */; };
		F67E92122A191C3F0091D3E0 /* CalendarView.swift in Sources */ = {isa = PBXBuildFile; fileRef = F67E92112A191C3F0091D3E0 /* CalendarView.swift */; };
		F67E92142A191C520091D3E0 /* vaktija.json in Resources */ = {isa = PBXBuildFile; fileRef = F67E92132A191C520091D3E0 /* vaktija.json */; };
		F6865ECF29C0D6CF00BFAEA7 /* LocationPermissionView.swift in Sources */ = {isa = PBXBuildFile; fileRef = F6865ECE29C0D6CF00BFAEA7 /* LocationPermissionView.swift */; };
		F6865ED229C0DBBB00BFAEA7 /* LocationService.swift in Sources */ = {isa = PBXBuildFile; fileRef = F6865ED129C0DBBB00BFAEA7 /* LocationService.swift */; };
		F68A93E529F86877007F700F /* ObjectItem.swift in Sources */ = {isa = PBXBuildFile; fileRef = F68A93E429F86877007F700F /* ObjectItem.swift */; };
		F696E6952A3CB5BE007FC928 /* map_loader.json in Resources */ = {isa = PBXBuildFile; fileRef = F696E6942A3CB5BE007FC928 /* map_loader.json */; };
		F696E6972A3CB600007FC928 /* LottieAnimatingView.swift in Sources */ = {isa = PBXBuildFile; fileRef = F696E6962A3CB600007FC928 /* LottieAnimatingView.swift */; };
		F696E69A2A3CB64C007FC928 /* Lottie in Frameworks */ = {isa = PBXBuildFile; productRef = F696E6992A3CB64C007FC928 /* Lottie */; };
		F696E6A32A424B1B007FC928 /* PhoneRotationManager.swift in Sources */ = {isa = PBXBuildFile; fileRef = F696E6A22A424B1B007FC928 /* PhoneRotationManager.swift */; };
		F69BB8902A4A109D00D05476 /* SSToastMessage in Frameworks */ = {isa = PBXBuildFile; productRef = F69BB88F2A4A109D00D05476 /* SSToastMessage */; };
		F69BB8922A4A12A500D05476 /* Toast.swift in Sources */ = {isa = PBXBuildFile; fileRef = F69BB8912A4A12A500D05476 /* Toast.swift */; };
		F6AB691A29BD04D500DFFA97 /* View+DynamicHide.swift in Sources */ = {isa = PBXBuildFile; fileRef = F6AB691929BD04D500DFFA97 /* View+DynamicHide.swift */; };
		F6B4EC0E2A0AD7F0004F9A9E /* NearestMosqueView.swift in Sources */ = {isa = PBXBuildFile; fileRef = F6B4EC0D2A0AD7F0004F9A9E /* NearestMosqueView.swift */; };
		F6B4EC102A0AE33B004F9A9E /* CustomNavBar.swift in Sources */ = {isa = PBXBuildFile; fileRef = F6B4EC0F2A0AE33B004F9A9E /* CustomNavBar.swift */; };
		F6B60EDC29C7948B00EC54C0 /* Fonts.swift in Sources */ = {isa = PBXBuildFile; fileRef = F6B60EDB29C7948B00EC54C0 /* Fonts.swift */; };
		F6B60EDF29C7BE0800EC54C0 /* ExpandableText in Frameworks */ = {isa = PBXBuildFile; productRef = F6B60EDE29C7BE0800EC54C0 /* ExpandableText */; };
		F6B60F9D29CF59050036EB60 /* ObjectDetailsPreview.swift in Sources */ = {isa = PBXBuildFile; fileRef = F6B60F9C29CF59050036EB60 /* ObjectDetailsPreview.swift */; };
		F6B60F9F29CF7D630036EB60 /* RoundedCorner.swift in Sources */ = {isa = PBXBuildFile; fileRef = F6B60F9E29CF7D630036EB60 /* RoundedCorner.swift */; };
		F6B60FA129CF7D850036EB60 /* View+CornerRadius.swift in Sources */ = {isa = PBXBuildFile; fileRef = F6B60FA029CF7D850036EB60 /* View+CornerRadius.swift */; };
		F6BB7AE42A1A4C5100AEB9C1 /* ReligiousActivityRowView.swift in Sources */ = {isa = PBXBuildFile; fileRef = F6BB7AE32A1A4C5100AEB9C1 /* ReligiousActivityRowView.swift */; };
		F6BB7AE62A1A4E0B00AEB9C1 /* ObjectDimensionsRowView.swift in Sources */ = {isa = PBXBuildFile; fileRef = F6BB7AE52A1A4E0B00AEB9C1 /* ObjectDimensionsRowView.swift */; };
		F6C0E54F2A14062700BA5AC1 /* MosqueTypes.swift in Sources */ = {isa = PBXBuildFile; fileRef = F6C0E54E2A14062700BA5AC1 /* MosqueTypes.swift */; };
		F6CCBBC42A3A145600D112F4 /* GoogleService-Info.plist in Resources */ = {isa = PBXBuildFile; fileRef = F6CCBBC32A3A145600D112F4 /* GoogleService-Info.plist */; };
		F6F9EE312A1B59120098FA6B /* PushNotificationsManager.swift in Sources */ = {isa = PBXBuildFile; fileRef = F6F9EE302A1B59120098FA6B /* PushNotificationsManager.swift */; };
/* End PBXBuildFile section */

/* Begin PBXContainerItemProxy section */
		F660474629B36D720053D136 /* PBXContainerItemProxy */ = {
			isa = PBXContainerItemProxy;
			containerPortal = F660472D29B36D710053D136 /* Project object */;
			proxyType = 1;
			remoteGlobalIDString = F660473429B36D710053D136;
			remoteInfo = IslamskiObjektiUCrnojGori;
		};
		F660475029B36D720053D136 /* PBXContainerItemProxy */ = {
			isa = PBXContainerItemProxy;
			containerPortal = F660472D29B36D710053D136 /* Project object */;
			proxyType = 1;
			remoteGlobalIDString = F660473429B36D710053D136;
			remoteInfo = IslamskiObjektiUCrnojGori;
		};
/* End PBXContainerItemProxy section */

/* Begin PBXFileReference section */
		65121BB429C77F71009010EA /* RightSideMenu.swift */ = {isa = PBXFileReference; lastKnownFileType = sourcecode.swift; path = RightSideMenu.swift; sourceTree = "<group>"; };
		65A43F8F29B7A92800D34E8B /* APIRequest.swift */ = {isa = PBXFileReference; lastKnownFileType = sourcecode.swift; path = APIRequest.swift; sourceTree = "<group>"; };
		65A43F9129B7A93300D34E8B /* NetworkService.swift */ = {isa = PBXFileReference; fileEncoding = 4; lastKnownFileType = sourcecode.swift; path = NetworkService.swift; sourceTree = "<group>"; };
		65A43F9329B7A93C00D34E8B /* NetworSession.swift */ = {isa = PBXFileReference; fileEncoding = 4; lastKnownFileType = sourcecode.swift; path = NetworSession.swift; sourceTree = "<group>"; };
		65A43F9929B7AB8200D34E8B /* Links.swift */ = {isa = PBXFileReference; lastKnownFileType = sourcecode.swift; path = Links.swift; sourceTree = "<group>"; };
		65A43F9B29B7ABCA00D34E8B /* About.swift */ = {isa = PBXFileReference; lastKnownFileType = sourcecode.swift; path = About.swift; sourceTree = "<group>"; };
		65A43F9D29B7ABFF00D34E8B /* Notifications.swift */ = {isa = PBXFileReference; lastKnownFileType = sourcecode.swift; path = Notifications.swift; sourceTree = "<group>"; };
		65A43F9F29B7AC5700D34E8B /* ObjectDetails.swift */ = {isa = PBXFileReference; lastKnownFileType = sourcecode.swift; path = ObjectDetails.swift; sourceTree = "<group>"; };
		65A43FA129B7AD6600D34E8B /* AllObjects.swift */ = {isa = PBXFileReference; lastKnownFileType = sourcecode.swift; path = AllObjects.swift; sourceTree = "<group>"; };
		65A43FA429B7AEB300D34E8B /* LinksProvider.swift */ = {isa = PBXFileReference; lastKnownFileType = sourcecode.swift; path = LinksProvider.swift; sourceTree = "<group>"; };
		65A43FA629B7AF3800D34E8B /* AboutProvider.swift */ = {isa = PBXFileReference; lastKnownFileType = sourcecode.swift; path = AboutProvider.swift; sourceTree = "<group>"; };
		65A43FA929B7AFE400D34E8B /* NotificationsProvider.swift */ = {isa = PBXFileReference; lastKnownFileType = sourcecode.swift; path = NotificationsProvider.swift; sourceTree = "<group>"; };
		65A43FAB29B7B01C00D34E8B /* ObjectsProvider.swift */ = {isa = PBXFileReference; lastKnownFileType = sourcecode.swift; path = ObjectsProvider.swift; sourceTree = "<group>"; };
		65A43FAE29B7B17F00D34E8B /* CompositionRoot.swift */ = {isa = PBXFileReference; lastKnownFileType = sourcecode.swift; path = CompositionRoot.swift; sourceTree = "<group>"; };
		65A43FB029B7B70E00D34E8B /* LeftSideMenuView.swift */ = {isa = PBXFileReference; lastKnownFileType = sourcecode.swift; path = LeftSideMenuView.swift; sourceTree = "<group>"; };
		65A43FB229B7B74500D34E8B /* sr.strings */ = {isa = PBXFileReference; lastKnownFileType = text.plist.strings; path = sr.strings; sourceTree = "<group>"; };
		65A43FB529B7B86800D34E8B /* swiftgen.yml */ = {isa = PBXFileReference; fileEncoding = 4; lastKnownFileType = text.yaml; path = swiftgen.yml; sourceTree = "<group>"; };
		65D38CB129B7BA7700072C9C /* Assets.swift */ = {isa = PBXFileReference; fileEncoding = 4; lastKnownFileType = sourcecode.swift; path = Assets.swift; sourceTree = "<group>"; };
		65D38CB229B7BA7700072C9C /* Strings.swift */ = {isa = PBXFileReference; fileEncoding = 4; lastKnownFileType = sourcecode.swift; path = Strings.swift; sourceTree = "<group>"; };
		65D38CB829B7BE9900072C9C /* AboutView.swift */ = {isa = PBXFileReference; lastKnownFileType = sourcecode.swift; path = AboutView.swift; sourceTree = "<group>"; };
		65D38CBA29B7C4B300072C9C /* WebView.swift */ = {isa = PBXFileReference; lastKnownFileType = sourcecode.swift; path = WebView.swift; sourceTree = "<group>"; };
		65D38CBC29B7C9D900072C9C /* NotificationsView.swift */ = {isa = PBXFileReference; lastKnownFileType = sourcecode.swift; path = NotificationsView.swift; sourceTree = "<group>"; };
		65D38CBE29B7CDAB00072C9C /* ReportProblemView.swift */ = {isa = PBXFileReference; lastKnownFileType = sourcecode.swift; path = ReportProblemView.swift; sourceTree = "<group>"; };
		65D38CC029B7CFFC00072C9C /* ReportProblemProvider.swift */ = {isa = PBXFileReference; lastKnownFileType = sourcecode.swift; path = ReportProblemProvider.swift; sourceTree = "<group>"; };
		65D38CC429B7E21200072C9C /* ObjectDetailsView.swift */ = {isa = PBXFileReference; lastKnownFileType = sourcecode.swift; path = ObjectDetailsView.swift; sourceTree = "<group>"; };
		65D38CC629B7E39F00072C9C /* PagingView.swift */ = {isa = PBXFileReference; lastKnownFileType = sourcecode.swift; path = PagingView.swift; sourceTree = "<group>"; };
		65DC376A29C65F37003DD32A /* SplashScreen.swift */ = {isa = PBXFileReference; lastKnownFileType = sourcecode.swift; path = SplashScreen.swift; sourceTree = "<group>"; };
		65DC376C29C66412003DD32A /* Colors.xcassets */ = {isa = PBXFileReference; lastKnownFileType = folder.assetcatalog; path = Colors.xcassets; sourceTree = "<group>"; };
		65DC376E29C66828003DD32A /* QiblaView.swift */ = {isa = PBXFileReference; lastKnownFileType = sourcecode.swift; path = QiblaView.swift; sourceTree = "<group>"; };
		F60A8A622A1FDCF500C2F4D3 /* AppDelegate.swift */ = {isa = PBXFileReference; lastKnownFileType = sourcecode.swift; path = AppDelegate.swift; sourceTree = "<group>"; };
		F6149B3229E7FC6C007D6B1F /* ObjectListView.swift */ = {isa = PBXFileReference; lastKnownFileType = sourcecode.swift; path = ObjectListView.swift; sourceTree = "<group>"; };
		F61F8D5C2A168EFD00A6FDB3 /* FullScreenImageView.swift */ = {isa = PBXFileReference; lastKnownFileType = sourcecode.swift; path = FullScreenImageView.swift; sourceTree = "<group>"; };
		F6225B8B29F43AC60071B42B /* PrayerTime.swift */ = {isa = PBXFileReference; lastKnownFileType = sourcecode.swift; path = PrayerTime.swift; sourceTree = "<group>"; };
		F631C20129B6771D00C4619B /* UsefulLinksSideMenuView.swift */ = {isa = PBXFileReference; lastKnownFileType = sourcecode.swift; path = UsefulLinksSideMenuView.swift; sourceTree = "<group>"; };
		F660473529B36D710053D136 /* IslamskiObjektiUCrnojGori.app */ = {isa = PBXFileReference; explicitFileType = wrapper.application; includeInIndex = 0; path = IslamskiObjektiUCrnojGori.app; sourceTree = BUILT_PRODUCTS_DIR; };
		F660473829B36D710053D136 /* IslamskiObjektiUCrnojGoriApp.swift */ = {isa = PBXFileReference; lastKnownFileType = sourcecode.swift; path = IslamskiObjektiUCrnojGoriApp.swift; sourceTree = "<group>"; };
		F660473A29B36D710053D136 /* HomePageView.swift */ = {isa = PBXFileReference; lastKnownFileType = sourcecode.swift; path = HomePageView.swift; sourceTree = "<group>"; };
		F660473C29B36D720053D136 /* Images.xcassets */ = {isa = PBXFileReference; lastKnownFileType = folder.assetcatalog; path = Images.xcassets; sourceTree = "<group>"; };
		F660474529B36D720053D136 /* IslamskiObjektiUCrnojGoriTests.xctest */ = {isa = PBXFileReference; explicitFileType = wrapper.cfbundle; includeInIndex = 0; path = IslamskiObjektiUCrnojGoriTests.xctest; sourceTree = BUILT_PRODUCTS_DIR; };
		F660474929B36D720053D136 /* IslamskiObjektiUCrnojGoriTests.swift */ = {isa = PBXFileReference; lastKnownFileType = sourcecode.swift; path = IslamskiObjektiUCrnojGoriTests.swift; sourceTree = "<group>"; };
		F660474F29B36D720053D136 /* IslamskiObjektiUCrnojGoriUITests.xctest */ = {isa = PBXFileReference; explicitFileType = wrapper.cfbundle; includeInIndex = 0; path = IslamskiObjektiUCrnojGoriUITests.xctest; sourceTree = BUILT_PRODUCTS_DIR; };
		F660475329B36D720053D136 /* IslamskiObjektiUCrnojGoriUITests.swift */ = {isa = PBXFileReference; lastKnownFileType = sourcecode.swift; path = IslamskiObjektiUCrnojGoriUITests.swift; sourceTree = "<group>"; };
		F660475529B36D720053D136 /* IslamskiObjektiUCrnojGoriUITestsLaunchTests.swift */ = {isa = PBXFileReference; lastKnownFileType = sourcecode.swift; path = IslamskiObjektiUCrnojGoriUITestsLaunchTests.swift; sourceTree = "<group>"; };
		F660476229B36F400053D136 /* Info.plist */ = {isa = PBXFileReference; lastKnownFileType = text.plist; path = Info.plist; sourceTree = "<group>"; };
		F660476629B371B20053D136 /* MapView.swift */ = {isa = PBXFileReference; lastKnownFileType = sourcecode.swift; path = MapView.swift; sourceTree = "<group>"; };
		F67E92092A19125B0091D3E0 /* MapBoxDetailView.swift */ = {isa = PBXFileReference; fileEncoding = 4; lastKnownFileType = sourcecode.swift; path = MapBoxDetailView.swift; sourceTree = "<group>"; };
		F67E920B2A1917760091D3E0 /* VaktijaView.swift */ = {isa = PBXFileReference; fileEncoding = 4; lastKnownFileType = sourcecode.swift; path = VaktijaView.swift; sourceTree = "<group>"; };
		F67E920D2A1917AF0091D3E0 /* PrayerTimesProvider.swift */ = {isa = PBXFileReference; fileEncoding = 4; lastKnownFileType = sourcecode.swift; path = PrayerTimesProvider.swift; sourceTree = "<group>"; };
		F67E920F2A19186B0091D3E0 /* CountdownTimerView.swift */ = {isa = PBXFileReference; fileEncoding = 4; lastKnownFileType = sourcecode.swift; path = CountdownTimerView.swift; sourceTree = "<group>"; };
		F67E92112A191C3F0091D3E0 /* CalendarView.swift */ = {isa = PBXFileReference; fileEncoding = 4; lastKnownFileType = sourcecode.swift; path = CalendarView.swift; sourceTree = "<group>"; };
		F67E92132A191C520091D3E0 /* vaktija.json */ = {isa = PBXFileReference; fileEncoding = 4; lastKnownFileType = text.json; path = vaktija.json; sourceTree = "<group>"; };
		F6865ECE29C0D6CF00BFAEA7 /* LocationPermissionView.swift */ = {isa = PBXFileReference; lastKnownFileType = sourcecode.swift; path = LocationPermissionView.swift; sourceTree = "<group>"; };
		F6865ED129C0DBBB00BFAEA7 /* LocationService.swift */ = {isa = PBXFileReference; lastKnownFileType = sourcecode.swift; path = LocationService.swift; sourceTree = "<group>"; };
		F6865ED429C0E32E00BFAEA7 /* roboto_bold.ttf */ = {isa = PBXFileReference; lastKnownFileType = file; path = roboto_bold.ttf; sourceTree = "<group>"; };
		F6865ED529C0E32E00BFAEA7 /* poppins_semibold.ttf */ = {isa = PBXFileReference; lastKnownFileType = file; path = poppins_semibold.ttf; sourceTree = "<group>"; };
		F6865ED629C0E32E00BFAEA7 /* roboto.ttf */ = {isa = PBXFileReference; lastKnownFileType = file; path = roboto.ttf; sourceTree = "<group>"; };
		F68A93E429F86877007F700F /* ObjectItem.swift */ = {isa = PBXFileReference; lastKnownFileType = sourcecode.swift; path = ObjectItem.swift; sourceTree = "<group>"; };
		F696E6942A3CB5BE007FC928 /* map_loader.json */ = {isa = PBXFileReference; fileEncoding = 4; lastKnownFileType = text.json; path = map_loader.json; sourceTree = "<group>"; };
		F696E6962A3CB600007FC928 /* LottieAnimatingView.swift */ = {isa = PBXFileReference; lastKnownFileType = sourcecode.swift; path = LottieAnimatingView.swift; sourceTree = "<group>"; };
		F696E6A22A424B1B007FC928 /* PhoneRotationManager.swift */ = {isa = PBXFileReference; lastKnownFileType = sourcecode.swift; path = PhoneRotationManager.swift; sourceTree = "<group>"; };
		F69BB8912A4A12A500D05476 /* Toast.swift */ = {isa = PBXFileReference; lastKnownFileType = sourcecode.swift; path = Toast.swift; sourceTree = "<group>"; };
		F6AB691929BD04D500DFFA97 /* View+DynamicHide.swift */ = {isa = PBXFileReference; lastKnownFileType = sourcecode.swift; path = "View+DynamicHide.swift"; sourceTree = "<group>"; };
		F6B4EC0D2A0AD7F0004F9A9E /* NearestMosqueView.swift */ = {isa = PBXFileReference; lastKnownFileType = sourcecode.swift; path = NearestMosqueView.swift; sourceTree = "<group>"; };
		F6B4EC0F2A0AE33B004F9A9E /* CustomNavBar.swift */ = {isa = PBXFileReference; lastKnownFileType = sourcecode.swift; path = CustomNavBar.swift; sourceTree = "<group>"; };
		F6B60EDB29C7948B00EC54C0 /* Fonts.swift */ = {isa = PBXFileReference; fileEncoding = 4; lastKnownFileType = sourcecode.swift; path = Fonts.swift; sourceTree = "<group>"; };
		F6B60F9C29CF59050036EB60 /* ObjectDetailsPreview.swift */ = {isa = PBXFileReference; lastKnownFileType = sourcecode.swift; path = ObjectDetailsPreview.swift; sourceTree = "<group>"; };
		F6B60F9E29CF7D630036EB60 /* RoundedCorner.swift */ = {isa = PBXFileReference; lastKnownFileType = sourcecode.swift; path = RoundedCorner.swift; sourceTree = "<group>"; };
		F6B60FA029CF7D850036EB60 /* View+CornerRadius.swift */ = {isa = PBXFileReference; lastKnownFileType = sourcecode.swift; path = "View+CornerRadius.swift"; sourceTree = "<group>"; };
		F6BB7AE32A1A4C5100AEB9C1 /* ReligiousActivityRowView.swift */ = {isa = PBXFileReference; lastKnownFileType = sourcecode.swift; path = ReligiousActivityRowView.swift; sourceTree = "<group>"; };
		F6BB7AE52A1A4E0B00AEB9C1 /* ObjectDimensionsRowView.swift */ = {isa = PBXFileReference; lastKnownFileType = sourcecode.swift; path = ObjectDimensionsRowView.swift; sourceTree = "<group>"; };
		F6C0E54E2A14062700BA5AC1 /* MosqueTypes.swift */ = {isa = PBXFileReference; lastKnownFileType = sourcecode.swift; path = MosqueTypes.swift; sourceTree = "<group>"; };
		F6CCBBC32A3A145600D112F4 /* GoogleService-Info.plist */ = {isa = PBXFileReference; fileEncoding = 4; lastKnownFileType = text.plist.xml; path = "GoogleService-Info.plist"; sourceTree = "<group>"; };
		F6CCBBC52A3A157C00D112F4 /* IslamskiObjektiUCrnojGori.entitlements */ = {isa = PBXFileReference; lastKnownFileType = text.plist.entitlements; path = IslamskiObjektiUCrnojGori.entitlements; sourceTree = "<group>"; };
		F6F9EE302A1B59120098FA6B /* PushNotificationsManager.swift */ = {isa = PBXFileReference; fileEncoding = 4; lastKnownFileType = sourcecode.swift; path = PushNotificationsManager.swift; sourceTree = "<group>"; };
/* End PBXFileReference section */

/* Begin PBXFrameworksBuildPhase section */
		F660473229B36D710053D136 /* Frameworks */ = {
			isa = PBXFrameworksBuildPhase;
			buildActionMask = 2147483647;
			files = (
				F60A8A612A1FD70200C2F4D3 /* FirebaseMessaging in Frameworks */,
				F696E69A2A3CB64C007FC928 /* Lottie in Frameworks */,
				65D38CCA29B7E41F00072C9C /* SDWebImageSwiftUI in Frameworks */,
				65D38CB729B7BB0800072C9C /* SFSafeSymbols in Frameworks */,
				F69BB8902A4A109D00D05476 /* SSToastMessage in Frameworks */,
				F660476529B371920053D136 /* MapboxMaps in Frameworks */,
				F60A8A5F2A1FD70200C2F4D3 /* FirebaseAnalytics in Frameworks */,
				F6B60EDF29C7BE0800EC54C0 /* ExpandableText in Frameworks */,
			);
			runOnlyForDeploymentPostprocessing = 0;
		};
		F660474229B36D720053D136 /* Frameworks */ = {
			isa = PBXFrameworksBuildPhase;
			buildActionMask = 2147483647;
			files = (
			);
			runOnlyForDeploymentPostprocessing = 0;
		};
		F660474C29B36D720053D136 /* Frameworks */ = {
			isa = PBXFrameworksBuildPhase;
			buildActionMask = 2147483647;
			files = (
			);
			runOnlyForDeploymentPostprocessing = 0;
		};
/* End PBXFrameworksBuildPhase section */

/* Begin PBXGroup section */
		65A43F8E29B7A88C00D34E8B /* Preview Content */ = {
			isa = PBXGroup;
			children = (
			);
			path = "Preview Content";
			sourceTree = "<group>";
		};
		65A43F9529B7A94900D34E8B /* Data Layer */ = {
			isa = PBXGroup;
			children = (
				F6865ED029C0DBA600BFAEA7 /* Location */,
				65A43FA329B7ADD900D34E8B /* Networking */,
				65A43FA829B7AFCD00D34E8B /* Providers */,
			);
			path = "Data Layer";
			sourceTree = "<group>";
		};
		65A43F9829B7AB7B00D34E8B /* Models */ = {
			isa = PBXGroup;
			children = (
				65A43F9929B7AB8200D34E8B /* Links.swift */,
				65A43F9B29B7ABCA00D34E8B /* About.swift */,
				65A43F9D29B7ABFF00D34E8B /* Notifications.swift */,
				65A43F9F29B7AC5700D34E8B /* ObjectDetails.swift */,
				65A43FA129B7AD6600D34E8B /* AllObjects.swift */,
				F6225B8B29F43AC60071B42B /* PrayerTime.swift */,
				F6C0E54E2A14062700BA5AC1 /* MosqueTypes.swift */,
			);
			path = Models;
			sourceTree = "<group>";
		};
		65A43FA329B7ADD900D34E8B /* Networking */ = {
			isa = PBXGroup;
			children = (
				65A43F8F29B7A92800D34E8B /* APIRequest.swift */,
				65A43F9129B7A93300D34E8B /* NetworkService.swift */,
				65A43F9329B7A93C00D34E8B /* NetworSession.swift */,
			);
			path = Networking;
			sourceTree = "<group>";
		};
		65A43FA829B7AFCD00D34E8B /* Providers */ = {
			isa = PBXGroup;
			children = (
				65A43FA429B7AEB300D34E8B /* LinksProvider.swift */,
				65A43FA629B7AF3800D34E8B /* AboutProvider.swift */,
				65A43FA929B7AFE400D34E8B /* NotificationsProvider.swift */,
				65A43FAB29B7B01C00D34E8B /* ObjectsProvider.swift */,
				F67E920D2A1917AF0091D3E0 /* PrayerTimesProvider.swift */,
				65D38CC029B7CFFC00072C9C /* ReportProblemProvider.swift */,
			);
			path = Providers;
			sourceTree = "<group>";
		};
		65A43FAD29B7B16E00D34E8B /* Main */ = {
			isa = PBXGroup;
			children = (
				F660473829B36D710053D136 /* IslamskiObjektiUCrnojGoriApp.swift */,
				F6F9EE302A1B59120098FA6B /* PushNotificationsManager.swift */,
				F696E6A22A424B1B007FC928 /* PhoneRotationManager.swift */,
				65A43FAE29B7B17F00D34E8B /* CompositionRoot.swift */,
				F60A8A622A1FDCF500C2F4D3 /* AppDelegate.swift */,
			);
			path = Main;
			sourceTree = "<group>";
		};
		65A43FB729B7B88100D34E8B /* Resources */ = {
			isa = PBXGroup;
			children = (
				F6865ED329C0E2D900BFAEA7 /* Fonts */,
				F660473C29B36D720053D136 /* Images.xcassets */,
				65DC376C29C66412003DD32A /* Colors.xcassets */,
				65A43FB229B7B74500D34E8B /* sr.strings */,
			);
			path = Resources;
			sourceTree = "<group>";
		};
		65D38CB029B7B9F500072C9C /* Generated */ = {
			isa = PBXGroup;
			children = (
				F6B60EDB29C7948B00EC54C0 /* Fonts.swift */,
				65D38CB129B7BA7700072C9C /* Assets.swift */,
				65D38CB229B7BA7700072C9C /* Strings.swift */,
			);
			path = Generated;
			sourceTree = "<group>";
		};
		F660472C29B36D710053D136 = {
			isa = PBXGroup;
			children = (
				F6CCBBC32A3A145600D112F4 /* GoogleService-Info.plist */,
				F696E6942A3CB5BE007FC928 /* map_loader.json */,
				F67E92132A191C520091D3E0 /* vaktija.json */,
				65A43FB529B7B86800D34E8B /* swiftgen.yml */,
				F660473729B36D710053D136 /* IslamskiObjektiUCrnojGori */,
				F660474829B36D720053D136 /* IslamskiObjektiUCrnojGoriTests */,
				F660475229B36D720053D136 /* IslamskiObjektiUCrnojGoriUITests */,
				F660473629B36D710053D136 /* Products */,
			);
			sourceTree = "<group>";
		};
		F660473629B36D710053D136 /* Products */ = {
			isa = PBXGroup;
			children = (
				F660473529B36D710053D136 /* IslamskiObjektiUCrnojGori.app */,
				F660474529B36D720053D136 /* IslamskiObjektiUCrnojGoriTests.xctest */,
				F660474F29B36D720053D136 /* IslamskiObjektiUCrnojGoriUITests.xctest */,
			);
			name = Products;
			sourceTree = "<group>";
		};
		F660473729B36D710053D136 /* IslamskiObjektiUCrnojGori */ = {
			isa = PBXGroup;
			children = (
				F6CCBBC52A3A157C00D112F4 /* IslamskiObjektiUCrnojGori.entitlements */,
				65A43FAD29B7B16E00D34E8B /* Main */,
				65A43F9529B7A94900D34E8B /* Data Layer */,
				65A43F9829B7AB7B00D34E8B /* Models */,
				F6E1057729B380EE00A55004 /* Views */,
				F660476229B36F400053D136 /* Info.plist */,
				65A43FB729B7B88100D34E8B /* Resources */,
				65D38CB029B7B9F500072C9C /* Generated */,
				65A43F8E29B7A88C00D34E8B /* Preview Content */,
			);
			path = IslamskiObjektiUCrnojGori;
			sourceTree = "<group>";
		};
		F660474829B36D720053D136 /* IslamskiObjektiUCrnojGoriTests */ = {
			isa = PBXGroup;
			children = (
				F660474929B36D720053D136 /* IslamskiObjektiUCrnojGoriTests.swift */,
			);
			path = IslamskiObjektiUCrnojGoriTests;
			sourceTree = "<group>";
		};
		F660475229B36D720053D136 /* IslamskiObjektiUCrnojGoriUITests */ = {
			isa = PBXGroup;
			children = (
				F660475329B36D720053D136 /* IslamskiObjektiUCrnojGoriUITests.swift */,
				F660475529B36D720053D136 /* IslamskiObjektiUCrnojGoriUITestsLaunchTests.swift */,
			);
			path = IslamskiObjektiUCrnojGoriUITests;
			sourceTree = "<group>";
		};
		F6865ED029C0DBA600BFAEA7 /* Location */ = {
			isa = PBXGroup;
			children = (
				F6865ED129C0DBBB00BFAEA7 /* LocationService.swift */,
			);
			path = Location;
			sourceTree = "<group>";
		};
		F6865ED329C0E2D900BFAEA7 /* Fonts */ = {
			isa = PBXGroup;
			children = (
				F6865ED829C0E3E300BFAEA7 /* Roboto */,
				F6865ED729C0E3C100BFAEA7 /* Poppins */,
			);
			path = Fonts;
			sourceTree = "<group>";
		};
		F6865ED729C0E3C100BFAEA7 /* Poppins */ = {
			isa = PBXGroup;
			children = (
				F6865ED529C0E32E00BFAEA7 /* poppins_semibold.ttf */,
			);
			path = Poppins;
			sourceTree = "<group>";
		};
		F6865ED829C0E3E300BFAEA7 /* Roboto */ = {
			isa = PBXGroup;
			children = (
				F6865ED429C0E32E00BFAEA7 /* roboto_bold.ttf */,
				F6865ED629C0E32E00BFAEA7 /* roboto.ttf */,
			);
			path = Roboto;
			sourceTree = "<group>";
		};
		F6AB691829BD04C100DFFA97 /* Helpers */ = {
			isa = PBXGroup;
			children = (
				F6AB691929BD04D500DFFA97 /* View+DynamicHide.swift */,
				F6B60F9E29CF7D630036EB60 /* RoundedCorner.swift */,
				F6B60FA029CF7D850036EB60 /* View+CornerRadius.swift */,
			);
			path = Helpers;
			sourceTree = "<group>";
		};
		F6BB7AE22A1A4BE900AEB9C1 /* ObjectDetails */ = {
			isa = PBXGroup;
			children = (
				F6B60F9C29CF59050036EB60 /* ObjectDetailsPreview.swift */,
				F67E92092A19125B0091D3E0 /* MapBoxDetailView.swift */,
				65D38CC629B7E39F00072C9C /* PagingView.swift */,
				F61F8D5C2A168EFD00A6FDB3 /* FullScreenImageView.swift */,
				F6BB7AE32A1A4C5100AEB9C1 /* ReligiousActivityRowView.swift */,
				F6BB7AE52A1A4E0B00AEB9C1 /* ObjectDimensionsRowView.swift */,
				65D38CBE29B7CDAB00072C9C /* ReportProblemView.swift */,
			);
			path = ObjectDetails;
			sourceTree = "<group>";
		};
		F6E1057729B380EE00A55004 /* Views */ = {
			isa = PBXGroup;
			children = (
				F6AB691829BD04C100DFFA97 /* Helpers */,
				F6E1057829B3810C00A55004 /* Components */,
				F6F9EE322A1BFD0D0098FA6B /* LeftSideMenu */,
				F660473A29B36D710053D136 /* HomePageView.swift */,
				65D38CC429B7E21200072C9C /* ObjectDetailsView.swift */,
			);
			path = Views;
			sourceTree = "<group>";
		};
		F6E1057829B3810C00A55004 /* Components */ = {
			isa = PBXGroup;
			children = (
				F6BB7AE22A1A4BE900AEB9C1 /* ObjectDetails */,
				F660476629B371B20053D136 /* MapView.swift */,
				65121BB429C77F71009010EA /* RightSideMenu.swift */,
				65D38CBA29B7C4B300072C9C /* WebView.swift */,
				F6865ECE29C0D6CF00BFAEA7 /* LocationPermissionView.swift */,
				65DC376A29C65F37003DD32A /* SplashScreen.swift */,
				F68A93E429F86877007F700F /* ObjectItem.swift */,
				F67E920F2A19186B0091D3E0 /* CountdownTimerView.swift */,
				F6B4EC0F2A0AE33B004F9A9E /* CustomNavBar.swift */,
				F696E6962A3CB600007FC928 /* LottieAnimatingView.swift */,
				F69BB8912A4A12A500D05476 /* Toast.swift */,
			);
			path = Components;
			sourceTree = "<group>";
		};
		F6F9EE322A1BFD0D0098FA6B /* LeftSideMenu */ = {
			isa = PBXGroup;
			children = (
				65A43FB029B7B70E00D34E8B /* LeftSideMenuView.swift */,
				F6149B3229E7FC6C007D6B1F /* ObjectListView.swift */,
				F6B4EC0D2A0AD7F0004F9A9E /* NearestMosqueView.swift */,
				F67E920B2A1917760091D3E0 /* VaktijaView.swift */,
				65DC376E29C66828003DD32A /* QiblaView.swift */,
				F67E92112A191C3F0091D3E0 /* CalendarView.swift */,
				65D38CBC29B7C9D900072C9C /* NotificationsView.swift */,
				65D38CB829B7BE9900072C9C /* AboutView.swift */,
				F631C20129B6771D00C4619B /* UsefulLinksSideMenuView.swift */,
			);
			path = LeftSideMenu;
			sourceTree = "<group>";
		};
/* End PBXGroup section */

/* Begin PBXNativeTarget section */
		F660473429B36D710053D136 /* IslamskiObjektiUCrnojGori */ = {
			isa = PBXNativeTarget;
			buildConfigurationList = F660475929B36D720053D136 /* Build configuration list for PBXNativeTarget "IslamskiObjektiUCrnojGori" */;
			buildPhases = (
				F660473129B36D710053D136 /* Sources */,
				F660473229B36D710053D136 /* Frameworks */,
				F660473329B36D710053D136 /* Resources */,
			);
			buildRules = (
			);
			dependencies = (
			);
			name = IslamskiObjektiUCrnojGori;
			packageProductDependencies = (
				F660476429B371920053D136 /* MapboxMaps */,
				65D38CB629B7BB0800072C9C /* SFSafeSymbols */,
				65D38CC929B7E41F00072C9C /* SDWebImageSwiftUI */,
				F6B60EDE29C7BE0800EC54C0 /* ExpandableText */,
				F60A8A5E2A1FD70200C2F4D3 /* FirebaseAnalytics */,
				F60A8A602A1FD70200C2F4D3 /* FirebaseMessaging */,
				F696E6992A3CB64C007FC928 /* Lottie */,
				F69BB88F2A4A109D00D05476 /* SSToastMessage */,
			);
			productName = IslamskiObjektiUCrnojGori;
			productReference = F660473529B36D710053D136 /* IslamskiObjektiUCrnojGori.app */;
			productType = "com.apple.product-type.application";
		};
		F660474429B36D720053D136 /* IslamskiObjektiUCrnojGoriTests */ = {
			isa = PBXNativeTarget;
			buildConfigurationList = F660475C29B36D720053D136 /* Build configuration list for PBXNativeTarget "IslamskiObjektiUCrnojGoriTests" */;
			buildPhases = (
				F660474129B36D720053D136 /* Sources */,
				F660474229B36D720053D136 /* Frameworks */,
				F660474329B36D720053D136 /* Resources */,
			);
			buildRules = (
			);
			dependencies = (
				F660474729B36D720053D136 /* PBXTargetDependency */,
			);
			name = IslamskiObjektiUCrnojGoriTests;
			productName = IslamskiObjektiUCrnojGoriTests;
			productReference = F660474529B36D720053D136 /* IslamskiObjektiUCrnojGoriTests.xctest */;
			productType = "com.apple.product-type.bundle.unit-test";
		};
		F660474E29B36D720053D136 /* IslamskiObjektiUCrnojGoriUITests */ = {
			isa = PBXNativeTarget;
			buildConfigurationList = F660475F29B36D720053D136 /* Build configuration list for PBXNativeTarget "IslamskiObjektiUCrnojGoriUITests" */;
			buildPhases = (
				F660474B29B36D720053D136 /* Sources */,
				F660474C29B36D720053D136 /* Frameworks */,
				F660474D29B36D720053D136 /* Resources */,
			);
			buildRules = (
			);
			dependencies = (
				F660475129B36D720053D136 /* PBXTargetDependency */,
			);
			name = IslamskiObjektiUCrnojGoriUITests;
			productName = IslamskiObjektiUCrnojGoriUITests;
			productReference = F660474F29B36D720053D136 /* IslamskiObjektiUCrnojGoriUITests.xctest */;
			productType = "com.apple.product-type.bundle.ui-testing";
		};
/* End PBXNativeTarget section */

/* Begin PBXProject section */
		F660472D29B36D710053D136 /* Project object */ = {
			isa = PBXProject;
			attributes = {
				BuildIndependentTargetsInParallel = 1;
				LastSwiftUpdateCheck = 1420;
				LastUpgradeCheck = 1420;
				TargetAttributes = {
					F660473429B36D710053D136 = {
						CreatedOnToolsVersion = 14.2;
					};
					F660474429B36D720053D136 = {
						CreatedOnToolsVersion = 14.2;
						TestTargetID = F660473429B36D710053D136;
					};
					F660474E29B36D720053D136 = {
						CreatedOnToolsVersion = 14.2;
						TestTargetID = F660473429B36D710053D136;
					};
				};
			};
			buildConfigurationList = F660473029B36D710053D136 /* Build configuration list for PBXProject "IslamskiObjektiUCrnojGori" */;
			compatibilityVersion = "Xcode 14.0";
			developmentRegion = en;
			hasScannedForEncodings = 0;
			knownRegions = (
				en,
				Base,
			);
			mainGroup = F660472C29B36D710053D136;
			packageReferences = (
				F660476329B371920053D136 /* XCRemoteSwiftPackageReference "mapbox-maps-ios" */,
				65A43FB429B7B83900D34E8B /* XCRemoteSwiftPackageReference "SwiftGenPlugin" */,
				65D38CB529B7BB0800072C9C /* XCRemoteSwiftPackageReference "SFSafeSymbols" */,
				65D38CC829B7E41F00072C9C /* XCRemoteSwiftPackageReference "SDWebImageSwiftUI" */,
				F6B60EDD29C7BE0800EC54C0 /* XCRemoteSwiftPackageReference "ExpandableText" */,
				F60A8A5D2A1FD70200C2F4D3 /* XCRemoteSwiftPackageReference "firebase-ios-sdk" */,
				F696E6982A3CB64C007FC928 /* XCRemoteSwiftPackageReference "lottie-spm" */,
				F69BB88E2A4A109C00D05476 /* XCRemoteSwiftPackageReference "SSToastMessage" */,
			);
			productRefGroup = F660473629B36D710053D136 /* Products */;
			projectDirPath = "";
			projectRoot = "";
			targets = (
				F660473429B36D710053D136 /* IslamskiObjektiUCrnojGori */,
				F660474429B36D720053D136 /* IslamskiObjektiUCrnojGoriTests */,
				F660474E29B36D720053D136 /* IslamskiObjektiUCrnojGoriUITests */,
			);
		};
/* End PBXProject section */

/* Begin PBXResourcesBuildPhase section */
		F660473329B36D710053D136 /* Resources */ = {
			isa = PBXResourcesBuildPhase;
			buildActionMask = 2147483647;
			files = (
				F696E6952A3CB5BE007FC928 /* map_loader.json in Resources */,
				F660473D29B36D720053D136 /* Images.xcassets in Resources */,
				65DC376D29C66412003DD32A /* Colors.xcassets in Resources */,
				F6CCBBC42A3A145600D112F4 /* GoogleService-Info.plist in Resources */,
				65A43FB629B7B86800D34E8B /* swiftgen.yml in Resources */,
				65A43FB329B7B74500D34E8B /* sr.strings in Resources */,
				F67E92142A191C520091D3E0 /* vaktija.json in Resources */,
			);
			runOnlyForDeploymentPostprocessing = 0;
		};
		F660474329B36D720053D136 /* Resources */ = {
			isa = PBXResourcesBuildPhase;
			buildActionMask = 2147483647;
			files = (
			);
			runOnlyForDeploymentPostprocessing = 0;
		};
		F660474D29B36D720053D136 /* Resources */ = {
			isa = PBXResourcesBuildPhase;
			buildActionMask = 2147483647;
			files = (
			);
			runOnlyForDeploymentPostprocessing = 0;
		};
/* End PBXResourcesBuildPhase section */

/* Begin PBXSourcesBuildPhase section */
		F660473129B36D710053D136 /* Sources */ = {
			isa = PBXSourcesBuildPhase;
			buildActionMask = 2147483647;
			files = (
				F67E920C2A1917760091D3E0 /* VaktijaView.swift in Sources */,
				65A43F9E29B7ABFF00D34E8B /* Notifications.swift in Sources */,
				F6B60F9D29CF59050036EB60 /* ObjectDetailsPreview.swift in Sources */,
				65D38CB929B7BE9900072C9C /* AboutView.swift in Sources */,
				F696E6A32A424B1B007FC928 /* PhoneRotationManager.swift in Sources */,
				F67E920E2A1917AF0091D3E0 /* PrayerTimesProvider.swift in Sources */,
				F660473B29B36D710053D136 /* HomePageView.swift in Sources */,
				F6865ECF29C0D6CF00BFAEA7 /* LocationPermissionView.swift in Sources */,
				65D38CB429B7BA7700072C9C /* Strings.swift in Sources */,
				65D38CB329B7BA7700072C9C /* Assets.swift in Sources */,
				F6B4EC0E2A0AD7F0004F9A9E /* NearestMosqueView.swift in Sources */,
				65A43FAA29B7AFE400D34E8B /* NotificationsProvider.swift in Sources */,
				65A43F9429B7A93D00D34E8B /* NetworSession.swift in Sources */,
				F6BB7AE42A1A4C5100AEB9C1 /* ReligiousActivityRowView.swift in Sources */,
				F660476729B371B20053D136 /* MapView.swift in Sources */,
				65A43FAC29B7B01C00D34E8B /* ObjectsProvider.swift in Sources */,
				F660473929B36D710053D136 /* IslamskiObjektiUCrnojGoriApp.swift in Sources */,
				F68A93E529F86877007F700F /* ObjectItem.swift in Sources */,
				F67E92102A19186B0091D3E0 /* CountdownTimerView.swift in Sources */,
				F6B60F9F29CF7D630036EB60 /* RoundedCorner.swift in Sources */,
				F6225B8C29F43AC60071B42B /* PrayerTime.swift in Sources */,
				F696E6972A3CB600007FC928 /* LottieAnimatingView.swift in Sources */,
				65D38CC529B7E21200072C9C /* ObjectDetailsView.swift in Sources */,
				65D38CBF29B7CDAB00072C9C /* ReportProblemView.swift in Sources */,
				F61F8D5D2A168EFD00A6FDB3 /* FullScreenImageView.swift in Sources */,
				65A43F9029B7A92800D34E8B /* APIRequest.swift in Sources */,
				F6BB7AE62A1A4E0B00AEB9C1 /* ObjectDimensionsRowView.swift in Sources */,
				F6C0E54F2A14062700BA5AC1 /* MosqueTypes.swift in Sources */,
				F6F9EE312A1B59120098FA6B /* PushNotificationsManager.swift in Sources */,
				65DC376F29C66828003DD32A /* QiblaView.swift in Sources */,
				65A43F9229B7A93300D34E8B /* NetworkService.swift in Sources */,
				F631C20229B6771D00C4619B /* UsefulLinksSideMenuView.swift in Sources */,
				65121BB529C77F71009010EA /* RightSideMenu.swift in Sources */,
				65DC376B29C65F37003DD32A /* SplashScreen.swift in Sources */,
				65A43FA529B7AEB300D34E8B /* LinksProvider.swift in Sources */,
				65A43F9C29B7ABCA00D34E8B /* About.swift in Sources */,
				65D38CBD29B7C9D900072C9C /* NotificationsView.swift in Sources */,
				65A43FA029B7AC5700D34E8B /* ObjectDetails.swift in Sources */,
				65A43FAF29B7B17F00D34E8B /* CompositionRoot.swift in Sources */,
				F6B60EDC29C7948B00EC54C0 /* Fonts.swift in Sources */,
				F6149B3329E7FC6C007D6B1F /* ObjectListView.swift in Sources */,
				F69BB8922A4A12A500D05476 /* Toast.swift in Sources */,
				65A43FA229B7AD6600D34E8B /* AllObjects.swift in Sources */,
				F6865ED229C0DBBB00BFAEA7 /* LocationService.swift in Sources */,
				65D38CC729B7E39F00072C9C /* PagingView.swift in Sources */,
				65A43FB129B7B70E00D34E8B /* LeftSideMenuView.swift in Sources */,
				F67E920A2A19125B0091D3E0 /* MapBoxDetailView.swift in Sources */,
				65A43FA729B7AF3800D34E8B /* AboutProvider.swift in Sources */,
				65A43F9A29B7AB8200D34E8B /* Links.swift in Sources */,
				F67E92122A191C3F0091D3E0 /* CalendarView.swift in Sources */,
				65D38CBB29B7C4B300072C9C /* WebView.swift in Sources */,
				F6B60FA129CF7D850036EB60 /* View+CornerRadius.swift in Sources */,
				F6AB691A29BD04D500DFFA97 /* View+DynamicHide.swift in Sources */,
				F6B4EC102A0AE33B004F9A9E /* CustomNavBar.swift in Sources */,
				65D38CC129B7CFFC00072C9C /* ReportProblemProvider.swift in Sources */,
				F60A8A632A1FDCF500C2F4D3 /* AppDelegate.swift in Sources */,
			);
			runOnlyForDeploymentPostprocessing = 0;
		};
		F660474129B36D720053D136 /* Sources */ = {
			isa = PBXSourcesBuildPhase;
			buildActionMask = 2147483647;
			files = (
				F660474A29B36D720053D136 /* IslamskiObjektiUCrnojGoriTests.swift in Sources */,
			);
			runOnlyForDeploymentPostprocessing = 0;
		};
		F660474B29B36D720053D136 /* Sources */ = {
			isa = PBXSourcesBuildPhase;
			buildActionMask = 2147483647;
			files = (
				F660475629B36D720053D136 /* IslamskiObjektiUCrnojGoriUITestsLaunchTests.swift in Sources */,
				F660475429B36D720053D136 /* IslamskiObjektiUCrnojGoriUITests.swift in Sources */,
			);
			runOnlyForDeploymentPostprocessing = 0;
		};
/* End PBXSourcesBuildPhase section */

/* Begin PBXTargetDependency section */
		F660474729B36D720053D136 /* PBXTargetDependency */ = {
			isa = PBXTargetDependency;
			target = F660473429B36D710053D136 /* IslamskiObjektiUCrnojGori */;
			targetProxy = F660474629B36D720053D136 /* PBXContainerItemProxy */;
		};
		F660475129B36D720053D136 /* PBXTargetDependency */ = {
			isa = PBXTargetDependency;
			target = F660473429B36D710053D136 /* IslamskiObjektiUCrnojGori */;
			targetProxy = F660475029B36D720053D136 /* PBXContainerItemProxy */;
		};
/* End PBXTargetDependency section */

/* Begin XCBuildConfiguration section */
		F660475729B36D720053D136 /* Debug */ = {
			isa = XCBuildConfiguration;
			buildSettings = {
				ALWAYS_SEARCH_USER_PATHS = NO;
				CLANG_ANALYZER_NONNULL = YES;
				CLANG_ANALYZER_NUMBER_OBJECT_CONVERSION = YES_AGGRESSIVE;
				CLANG_CXX_LANGUAGE_STANDARD = "gnu++20";
				CLANG_ENABLE_MODULES = YES;
				CLANG_ENABLE_OBJC_ARC = YES;
				CLANG_ENABLE_OBJC_WEAK = YES;
				CLANG_WARN_BLOCK_CAPTURE_AUTORELEASING = YES;
				CLANG_WARN_BOOL_CONVERSION = YES;
				CLANG_WARN_COMMA = YES;
				CLANG_WARN_CONSTANT_CONVERSION = YES;
				CLANG_WARN_DEPRECATED_OBJC_IMPLEMENTATIONS = YES;
				CLANG_WARN_DIRECT_OBJC_ISA_USAGE = YES_ERROR;
				CLANG_WARN_DOCUMENTATION_COMMENTS = YES;
				CLANG_WARN_EMPTY_BODY = YES;
				CLANG_WARN_ENUM_CONVERSION = YES;
				CLANG_WARN_INFINITE_RECURSION = YES;
				CLANG_WARN_INT_CONVERSION = YES;
				CLANG_WARN_NON_LITERAL_NULL_CONVERSION = YES;
				CLANG_WARN_OBJC_IMPLICIT_RETAIN_SELF = YES;
				CLANG_WARN_OBJC_LITERAL_CONVERSION = YES;
				CLANG_WARN_OBJC_ROOT_CLASS = YES_ERROR;
				CLANG_WARN_QUOTED_INCLUDE_IN_FRAMEWORK_HEADER = YES;
				CLANG_WARN_RANGE_LOOP_ANALYSIS = YES;
				CLANG_WARN_STRICT_PROTOTYPES = YES;
				CLANG_WARN_SUSPICIOUS_MOVE = YES;
				CLANG_WARN_UNGUARDED_AVAILABILITY = YES_AGGRESSIVE;
				CLANG_WARN_UNREACHABLE_CODE = YES;
				CLANG_WARN__DUPLICATE_METHOD_MATCH = YES;
				COPY_PHASE_STRIP = NO;
				DEBUG_INFORMATION_FORMAT = dwarf;
				ENABLE_STRICT_OBJC_MSGSEND = YES;
				ENABLE_TESTABILITY = YES;
				GCC_C_LANGUAGE_STANDARD = gnu11;
				GCC_DYNAMIC_NO_PIC = NO;
				GCC_NO_COMMON_BLOCKS = YES;
				GCC_OPTIMIZATION_LEVEL = 0;
				GCC_PREPROCESSOR_DEFINITIONS = (
					"DEBUG=1",
					"$(inherited)",
				);
				GCC_WARN_64_TO_32_BIT_CONVERSION = YES;
				GCC_WARN_ABOUT_RETURN_TYPE = YES_ERROR;
				GCC_WARN_UNDECLARED_SELECTOR = YES;
				GCC_WARN_UNINITIALIZED_AUTOS = YES_AGGRESSIVE;
				GCC_WARN_UNUSED_FUNCTION = YES;
				GCC_WARN_UNUSED_VARIABLE = YES;
				IPHONEOS_DEPLOYMENT_TARGET = 16.2;
				MTL_ENABLE_DEBUG_INFO = INCLUDE_SOURCE;
				MTL_FAST_MATH = YES;
				ONLY_ACTIVE_ARCH = YES;
				SDKROOT = iphoneos;
				SWIFT_ACTIVE_COMPILATION_CONDITIONS = DEBUG;
				SWIFT_OPTIMIZATION_LEVEL = "-Onone";
			};
			name = Debug;
		};
		F660475829B36D720053D136 /* Release */ = {
			isa = XCBuildConfiguration;
			buildSettings = {
				ALWAYS_SEARCH_USER_PATHS = NO;
				CLANG_ANALYZER_NONNULL = YES;
				CLANG_ANALYZER_NUMBER_OBJECT_CONVERSION = YES_AGGRESSIVE;
				CLANG_CXX_LANGUAGE_STANDARD = "gnu++20";
				CLANG_ENABLE_MODULES = YES;
				CLANG_ENABLE_OBJC_ARC = YES;
				CLANG_ENABLE_OBJC_WEAK = YES;
				CLANG_WARN_BLOCK_CAPTURE_AUTORELEASING = YES;
				CLANG_WARN_BOOL_CONVERSION = YES;
				CLANG_WARN_COMMA = YES;
				CLANG_WARN_CONSTANT_CONVERSION = YES;
				CLANG_WARN_DEPRECATED_OBJC_IMPLEMENTATIONS = YES;
				CLANG_WARN_DIRECT_OBJC_ISA_USAGE = YES_ERROR;
				CLANG_WARN_DOCUMENTATION_COMMENTS = YES;
				CLANG_WARN_EMPTY_BODY = YES;
				CLANG_WARN_ENUM_CONVERSION = YES;
				CLANG_WARN_INFINITE_RECURSION = YES;
				CLANG_WARN_INT_CONVERSION = YES;
				CLANG_WARN_NON_LITERAL_NULL_CONVERSION = YES;
				CLANG_WARN_OBJC_IMPLICIT_RETAIN_SELF = YES;
				CLANG_WARN_OBJC_LITERAL_CONVERSION = YES;
				CLANG_WARN_OBJC_ROOT_CLASS = YES_ERROR;
				CLANG_WARN_QUOTED_INCLUDE_IN_FRAMEWORK_HEADER = YES;
				CLANG_WARN_RANGE_LOOP_ANALYSIS = YES;
				CLANG_WARN_STRICT_PROTOTYPES = YES;
				CLANG_WARN_SUSPICIOUS_MOVE = YES;
				CLANG_WARN_UNGUARDED_AVAILABILITY = YES_AGGRESSIVE;
				CLANG_WARN_UNREACHABLE_CODE = YES;
				CLANG_WARN__DUPLICATE_METHOD_MATCH = YES;
				COPY_PHASE_STRIP = NO;
				DEBUG_INFORMATION_FORMAT = "dwarf-with-dsym";
				ENABLE_NS_ASSERTIONS = NO;
				ENABLE_STRICT_OBJC_MSGSEND = YES;
				GCC_C_LANGUAGE_STANDARD = gnu11;
				GCC_NO_COMMON_BLOCKS = YES;
				GCC_WARN_64_TO_32_BIT_CONVERSION = YES;
				GCC_WARN_ABOUT_RETURN_TYPE = YES_ERROR;
				GCC_WARN_UNDECLARED_SELECTOR = YES;
				GCC_WARN_UNINITIALIZED_AUTOS = YES_AGGRESSIVE;
				GCC_WARN_UNUSED_FUNCTION = YES;
				GCC_WARN_UNUSED_VARIABLE = YES;
				IPHONEOS_DEPLOYMENT_TARGET = 16.2;
				MTL_ENABLE_DEBUG_INFO = NO;
				MTL_FAST_MATH = YES;
				SDKROOT = iphoneos;
				SWIFT_COMPILATION_MODE = wholemodule;
				SWIFT_OPTIMIZATION_LEVEL = "-O";
				VALIDATE_PRODUCT = YES;
			};
			name = Release;
		};
		F660475A29B36D720053D136 /* Debug */ = {
			isa = XCBuildConfiguration;
			buildSettings = {
				ASSETCATALOG_COMPILER_APPICON_NAME = AppIcon;
				ASSETCATALOG_COMPILER_GLOBAL_ACCENT_COLOR_NAME = AccentColor;
				ASSETCATALOG_COMPILER_INCLUDE_ALL_APPICON_ASSETS = YES;
				CODE_SIGN_ENTITLEMENTS = IslamskiObjektiUCrnojGori/IslamskiObjektiUCrnojGori.entitlements;
				CODE_SIGN_IDENTITY = "Apple Development";
				CODE_SIGN_STYLE = Automatic;
				CURRENT_PROJECT_VERSION = 7;
				DEVELOPMENT_ASSET_PATHS = "\"IslamskiObjektiUCrnojGori/Preview Content\"";
				DEVELOPMENT_TEAM = RDS9R53Y7B;
				ENABLE_PREVIEWS = YES;
				GENERATE_INFOPLIST_FILE = YES;
				INFOPLIST_FILE = IslamskiObjektiUCrnojGori/Info.plist;
				INFOPLIST_KEY_CFBundleDisplayName = "";
				INFOPLIST_KEY_LSApplicationCategoryType = "";
				INFOPLIST_KEY_NSLocationAlwaysAndWhenInUseUsageDescription = "Your current location will be displayed on the map and used for directions.";
				INFOPLIST_KEY_NSLocationWhenInUseUsageDescription = "Your current location will be displayed on the map and used for directions.";
				INFOPLIST_KEY_UIApplicationSceneManifest_Generation = YES;
				INFOPLIST_KEY_UIApplicationSupportsIndirectInputEvents = YES;
				INFOPLIST_KEY_UILaunchScreen_Generation = YES;
				INFOPLIST_KEY_UILaunchStoryboardName = A;
				INFOPLIST_KEY_UISupportedInterfaceOrientations = UIInterfaceOrientationPortrait;
				INFOPLIST_KEY_UISupportedInterfaceOrientations_iPad = "UIInterfaceOrientationLandscapeLeft UIInterfaceOrientationLandscapeRight UIInterfaceOrientationPortrait UIInterfaceOrientationPortraitUpsideDown";
				INFOPLIST_KEY_UIUserInterfaceStyle = Light;
				IPHONEOS_DEPLOYMENT_TARGET = 16;
				LD_RUNPATH_SEARCH_PATHS = (
					"$(inherited)",
					"@executable_path/Frameworks",
				);
				MARKETING_VERSION = 1.0;
				PRODUCT_BUNDLE_IDENTIFIER = muharem.islamskiObjekti.crnagora;
				PRODUCT_NAME = "$(TARGET_NAME)";
				PROVISIONING_PROFILE_SPECIFIER = "";
				SUPPORTED_PLATFORMS = "iphoneos iphonesimulator";
				SUPPORTS_MACCATALYST = NO;
				SUPPORTS_MAC_DESIGNED_FOR_IPHONE_IPAD = NO;
				SWIFT_EMIT_LOC_STRINGS = YES;
				SWIFT_VERSION = 5.0;
				TARGETED_DEVICE_FAMILY = 1;
			};
			name = Debug;
		};
		F660475B29B36D720053D136 /* Release */ = {
			isa = XCBuildConfiguration;
			buildSettings = {
				ASSETCATALOG_COMPILER_APPICON_NAME = AppIcon;
				ASSETCATALOG_COMPILER_GLOBAL_ACCENT_COLOR_NAME = AccentColor;
				ASSETCATALOG_COMPILER_INCLUDE_ALL_APPICON_ASSETS = YES;
				CODE_SIGN_ENTITLEMENTS = IslamskiObjektiUCrnojGori/IslamskiObjektiUCrnojGori.entitlements;
				CODE_SIGN_IDENTITY = "Apple Development";
				CODE_SIGN_STYLE = Automatic;
				CURRENT_PROJECT_VERSION = 7;
				DEVELOPMENT_ASSET_PATHS = "\"IslamskiObjektiUCrnojGori/Preview Content\"";
				DEVELOPMENT_TEAM = RDS9R53Y7B;
				ENABLE_PREVIEWS = YES;
				GENERATE_INFOPLIST_FILE = YES;
				INFOPLIST_FILE = IslamskiObjektiUCrnojGori/Info.plist;
				INFOPLIST_KEY_CFBundleDisplayName = "";
				INFOPLIST_KEY_LSApplicationCategoryType = "";
				INFOPLIST_KEY_NSLocationAlwaysAndWhenInUseUsageDescription = "Your current location will be displayed on the map and used for directions.";
				INFOPLIST_KEY_NSLocationWhenInUseUsageDescription = "Your current location will be displayed on the map and used for directions.";
				INFOPLIST_KEY_UIApplicationSceneManifest_Generation = YES;
				INFOPLIST_KEY_UIApplicationSupportsIndirectInputEvents = YES;
				INFOPLIST_KEY_UILaunchScreen_Generation = YES;
				INFOPLIST_KEY_UILaunchStoryboardName = A;
				INFOPLIST_KEY_UISupportedInterfaceOrientations = UIInterfaceOrientationPortrait;
				INFOPLIST_KEY_UISupportedInterfaceOrientations_iPad = "UIInterfaceOrientationLandscapeLeft UIInterfaceOrientationLandscapeRight UIInterfaceOrientationPortrait UIInterfaceOrientationPortraitUpsideDown";
				INFOPLIST_KEY_UIUserInterfaceStyle = Light;
				IPHONEOS_DEPLOYMENT_TARGET = 16;
				LD_RUNPATH_SEARCH_PATHS = (
					"$(inherited)",
					"@executable_path/Frameworks",
				);
				MARKETING_VERSION = 1.0;
				PRODUCT_BUNDLE_IDENTIFIER = muharem.islamskiObjekti.crnagora;
				PRODUCT_NAME = "$(TARGET_NAME)";
				PROVISIONING_PROFILE_SPECIFIER = "";
				SUPPORTED_PLATFORMS = "iphoneos iphonesimulator";
				SUPPORTS_MACCATALYST = NO;
				SUPPORTS_MAC_DESIGNED_FOR_IPHONE_IPAD = NO;
				SWIFT_EMIT_LOC_STRINGS = YES;
				SWIFT_VERSION = 5.0;
				TARGETED_DEVICE_FAMILY = 1;
			};
			name = Release;
		};
		F660475D29B36D720053D136 /* Debug */ = {
			isa = XCBuildConfiguration;
			buildSettings = {
				ALWAYS_EMBED_SWIFT_STANDARD_LIBRARIES = YES;
				BUNDLE_LOADER = "$(TEST_HOST)";
				CODE_SIGN_STYLE = Automatic;
				CURRENT_PROJECT_VERSION = 1;
				DEVELOPMENT_TEAM = LWLYM5BX6D;
				GENERATE_INFOPLIST_FILE = YES;
				IPHONEOS_DEPLOYMENT_TARGET = 16.2;
				MARKETING_VERSION = 1.0;
				PRODUCT_BUNDLE_IDENTIFIER = markos.IslamskiObjektiUCrnojGoriTests;
				PRODUCT_NAME = "$(TARGET_NAME)";
				SWIFT_EMIT_LOC_STRINGS = NO;
				SWIFT_VERSION = 5.0;
				TARGETED_DEVICE_FAMILY = "1,2";
				TEST_HOST = "$(BUILT_PRODUCTS_DIR)/IslamskiObjektiUCrnojGori.app/$(BUNDLE_EXECUTABLE_FOLDER_PATH)/IslamskiObjektiUCrnojGori";
			};
			name = Debug;
		};
		F660475E29B36D720053D136 /* Release */ = {
			isa = XCBuildConfiguration;
			buildSettings = {
				ALWAYS_EMBED_SWIFT_STANDARD_LIBRARIES = YES;
				BUNDLE_LOADER = "$(TEST_HOST)";
				CODE_SIGN_STYLE = Automatic;
				CURRENT_PROJECT_VERSION = 1;
				DEVELOPMENT_TEAM = LWLYM5BX6D;
				GENERATE_INFOPLIST_FILE = YES;
				IPHONEOS_DEPLOYMENT_TARGET = 16.2;
				MARKETING_VERSION = 1.0;
				PRODUCT_BUNDLE_IDENTIFIER = markos.IslamskiObjektiUCrnojGoriTests;
				PRODUCT_NAME = "$(TARGET_NAME)";
				SWIFT_EMIT_LOC_STRINGS = NO;
				SWIFT_VERSION = 5.0;
				TARGETED_DEVICE_FAMILY = "1,2";
				TEST_HOST = "$(BUILT_PRODUCTS_DIR)/IslamskiObjektiUCrnojGori.app/$(BUNDLE_EXECUTABLE_FOLDER_PATH)/IslamskiObjektiUCrnojGori";
			};
			name = Release;
		};
		F660476029B36D720053D136 /* Debug */ = {
			isa = XCBuildConfiguration;
			buildSettings = {
				ALWAYS_EMBED_SWIFT_STANDARD_LIBRARIES = YES;
				CODE_SIGN_STYLE = Automatic;
				CURRENT_PROJECT_VERSION = 1;
				DEVELOPMENT_TEAM = LWLYM5BX6D;
				GENERATE_INFOPLIST_FILE = YES;
				MARKETING_VERSION = 1.0;
				PRODUCT_BUNDLE_IDENTIFIER = markos.IslamskiObjektiUCrnojGoriUITests;
				PRODUCT_NAME = "$(TARGET_NAME)";
				SWIFT_EMIT_LOC_STRINGS = NO;
				SWIFT_VERSION = 5.0;
				TARGETED_DEVICE_FAMILY = "1,2";
				TEST_TARGET_NAME = IslamskiObjektiUCrnojGori;
			};
			name = Debug;
		};
		F660476129B36D720053D136 /* Release */ = {
			isa = XCBuildConfiguration;
			buildSettings = {
				ALWAYS_EMBED_SWIFT_STANDARD_LIBRARIES = YES;
				CODE_SIGN_STYLE = Automatic;
				CURRENT_PROJECT_VERSION = 1;
				DEVELOPMENT_TEAM = LWLYM5BX6D;
				GENERATE_INFOPLIST_FILE = YES;
				MARKETING_VERSION = 1.0;
				PRODUCT_BUNDLE_IDENTIFIER = markos.IslamskiObjektiUCrnojGoriUITests;
				PRODUCT_NAME = "$(TARGET_NAME)";
				SWIFT_EMIT_LOC_STRINGS = NO;
				SWIFT_VERSION = 5.0;
				TARGETED_DEVICE_FAMILY = "1,2";
				TEST_TARGET_NAME = IslamskiObjektiUCrnojGori;
			};
			name = Release;
		};
/* End XCBuildConfiguration section */

/* Begin XCConfigurationList section */
		F660473029B36D710053D136 /* Build configuration list for PBXProject "IslamskiObjektiUCrnojGori" */ = {
			isa = XCConfigurationList;
			buildConfigurations = (
				F660475729B36D720053D136 /* Debug */,
				F660475829B36D720053D136 /* Release */,
			);
			defaultConfigurationIsVisible = 0;
			defaultConfigurationName = Release;
		};
		F660475929B36D720053D136 /* Build configuration list for PBXNativeTarget "IslamskiObjektiUCrnojGori" */ = {
			isa = XCConfigurationList;
			buildConfigurations = (
				F660475A29B36D720053D136 /* Debug */,
				F660475B29B36D720053D136 /* Release */,
			);
			defaultConfigurationIsVisible = 0;
			defaultConfigurationName = Release;
		};
		F660475C29B36D720053D136 /* Build configuration list for PBXNativeTarget "IslamskiObjektiUCrnojGoriTests" */ = {
			isa = XCConfigurationList;
			buildConfigurations = (
				F660475D29B36D720053D136 /* Debug */,
				F660475E29B36D720053D136 /* Release */,
			);
			defaultConfigurationIsVisible = 0;
			defaultConfigurationName = Release;
		};
		F660475F29B36D720053D136 /* Build configuration list for PBXNativeTarget "IslamskiObjektiUCrnojGoriUITests" */ = {
			isa = XCConfigurationList;
			buildConfigurations = (
				F660476029B36D720053D136 /* Debug */,
				F660476129B36D720053D136 /* Release */,
			);
			defaultConfigurationIsVisible = 0;
			defaultConfigurationName = Release;
		};
/* End XCConfigurationList section */

/* Begin XCRemoteSwiftPackageReference section */
		65A43FB429B7B83900D34E8B /* XCRemoteSwiftPackageReference "SwiftGenPlugin" */ = {
			isa = XCRemoteSwiftPackageReference;
			repositoryURL = "https://github.com/SwiftGen/SwiftGenPlugin";
			requirement = {
				kind = upToNextMajorVersion;
				minimumVersion = 6.0.0;
			};
		};
		65D38CB529B7BB0800072C9C /* XCRemoteSwiftPackageReference "SFSafeSymbols" */ = {
			isa = XCRemoteSwiftPackageReference;
			repositoryURL = "https://github.com/SFSafeSymbols/SFSafeSymbols.git";
			requirement = {
				kind = upToNextMajorVersion;
				minimumVersion = 4.0.0;
			};
		};
		65D38CC829B7E41F00072C9C /* XCRemoteSwiftPackageReference "SDWebImageSwiftUI" */ = {
			isa = XCRemoteSwiftPackageReference;
			repositoryURL = "https://github.com/SDWebImage/SDWebImageSwiftUI.git";
			requirement = {
				kind = upToNextMajorVersion;
				minimumVersion = 2.0.0;
			};
		};
		F60A8A5D2A1FD70200C2F4D3 /* XCRemoteSwiftPackageReference "firebase-ios-sdk" */ = {
			isa = XCRemoteSwiftPackageReference;
			repositoryURL = "https://github.com/firebase/firebase-ios-sdk.git";
			requirement = {
				kind = upToNextMajorVersion;
				minimumVersion = 9.0.0;
			};
		};
		F660476329B371920053D136 /* XCRemoteSwiftPackageReference "mapbox-maps-ios" */ = {
			isa = XCRemoteSwiftPackageReference;
			repositoryURL = "https://github.com/mapbox/mapbox-maps-ios.git";
			requirement = {
				kind = upToNextMajorVersion;
				minimumVersion = 10.0.0;
			};
		};
		F696E6982A3CB64C007FC928 /* XCRemoteSwiftPackageReference "lottie-spm" */ = {
			isa = XCRemoteSwiftPackageReference;
			repositoryURL = "https://github.com/airbnb/lottie-spm.git";
			requirement = {
				branch = main;
				kind = branch;
			};
		};
		F69BB88E2A4A109C00D05476 /* XCRemoteSwiftPackageReference "SSToastMessage" */ = {
			isa = XCRemoteSwiftPackageReference;
			repositoryURL = "https://github.com/SimformSolutionsPvtLtd/SSToastMessage";
			requirement = {
				kind = upToNextMajorVersion;
				minimumVersion = 1.0.0;
			};
		};
		F6B60EDD29C7BE0800EC54C0 /* XCRemoteSwiftPackageReference "ExpandableText" */ = {
			isa = XCRemoteSwiftPackageReference;
			repositoryURL = "https://github.com/NuPlay/ExpandableText.git";
			requirement = {
				kind = upToNextMajorVersion;
				minimumVersion = 1.2.0;
			};
		};
/* End XCRemoteSwiftPackageReference section */

/* Begin XCSwiftPackageProductDependency section */
		65D38CB629B7BB0800072C9C /* SFSafeSymbols */ = {
			isa = XCSwiftPackageProductDependency;
			package = 65D38CB529B7BB0800072C9C /* XCRemoteSwiftPackageReference "SFSafeSymbols" */;
			productName = SFSafeSymbols;
		};
		65D38CC929B7E41F00072C9C /* SDWebImageSwiftUI */ = {
			isa = XCSwiftPackageProductDependency;
			package = 65D38CC829B7E41F00072C9C /* XCRemoteSwiftPackageReference "SDWebImageSwiftUI" */;
			productName = SDWebImageSwiftUI;
		};
		F60A8A5E2A1FD70200C2F4D3 /* FirebaseAnalytics */ = {
			isa = XCSwiftPackageProductDependency;
			package = F60A8A5D2A1FD70200C2F4D3 /* XCRemoteSwiftPackageReference "firebase-ios-sdk" */;
			productName = FirebaseAnalytics;
		};
		F60A8A602A1FD70200C2F4D3 /* FirebaseMessaging */ = {
			isa = XCSwiftPackageProductDependency;
			package = F60A8A5D2A1FD70200C2F4D3 /* XCRemoteSwiftPackageReference "firebase-ios-sdk" */;
			productName = FirebaseMessaging;
		};
		F660476429B371920053D136 /* MapboxMaps */ = {
			isa = XCSwiftPackageProductDependency;
			package = F660476329B371920053D136 /* XCRemoteSwiftPackageReference "mapbox-maps-ios" */;
			productName = MapboxMaps;
		};
		F696E6992A3CB64C007FC928 /* Lottie */ = {
			isa = XCSwiftPackageProductDependency;
			package = F696E6982A3CB64C007FC928 /* XCRemoteSwiftPackageReference "lottie-spm" */;
			productName = Lottie;
		};
		F69BB88F2A4A109D00D05476 /* SSToastMessage */ = {
			isa = XCSwiftPackageProductDependency;
			package = F69BB88E2A4A109C00D05476 /* XCRemoteSwiftPackageReference "SSToastMessage" */;
			productName = SSToastMessage;
		};
		F6B60EDE29C7BE0800EC54C0 /* ExpandableText */ = {
			isa = XCSwiftPackageProductDependency;
			package = F6B60EDD29C7BE0800EC54C0 /* XCRemoteSwiftPackageReference "ExpandableText" */;
			productName = ExpandableText;
		};
/* End XCSwiftPackageProductDependency section */
	};
	rootObject = F660472D29B36D710053D136 /* Project object */;
}
