// !$*UTF8*$!
{
	archiveVersion = 1;
	classes = {
	};
	objectVersion = 56;
	objects = {

/* Begin PBXBuildFile section */
		65A43F9029B7A92800D34E8B /* APIRequest.swift in Sources */ = {isa = PBXBuildFile; fileRef = 65A43F8F29B7A92800D34E8B /* APIRequest.swift */; };
		65A43F9229B7A93300D34E8B /* NetworkService.swift in Sources */ = {isa = PBXBuildFile; fileRef = 65A43F9129B7A93300D34E8B /* NetworkService.swift */; };
		65A43F9429B7A93D00D34E8B /* NetworSession.swift in Sources */ = {isa = PBXBuildFile; fileRef = 65A43F9329B7A93C00D34E8B /* NetworSession.swift */; };
		65A43F9A29B7AB8200D34E8B /* Links.swift in Sources */ = {isa = PBXBuildFile; fileRef = 65A43F9929B7AB8200D34E8B /* Links.swift */; };
		65A43F9C29B7ABCA00D34E8B /* About.swift in Sources */ = {isa = PBXBuildFile; fileRef = 65A43F9B29B7ABCA00D34E8B /* About.swift */; };
		65A43F9E29B7ABFF00D34E8B /* Notifications.swift in Sources */ = {isa = PBXBuildFile; fileRef = 65A43F9D29B7ABFF00D34E8B /* Notifications.swift */; };
		65A43FA029B7AC5700D34E8B /* ObjectDetails.swift in Sources */ = {isa = PBXBuildFile; fileRef = 65A43F9F29B7AC5700D34E8B /* ObjectDetails.swift */; };
		65A43FA229B7AD6600D34E8B /* AllObjects.swift in Sources */ = {isa = PBXBuildFile; fileRef = 65A43FA129B7AD6600D34E8B /* AllObjects.swift */; };
		65A43FA529B7AEB300D34E8B /* LinksProvider.swift in Sources */ = {isa = PBXBuildFile; fileRef = 65A43FA429B7AEB300D34E8B /* LinksProvider.swift */; };
		65A43FA729B7AF3800D34E8B /* AboutProvider.swift in Sources */ = {isa = PBXBuildFile; fileRef = 65A43FA629B7AF3800D34E8B /* AboutProvider.swift */; };
		65A43FAA29B7AFE400D34E8B /* NotificationsProvider.swift in Sources */ = {isa = PBXBuildFile; fileRef = 65A43FA929B7AFE400D34E8B /* NotificationsProvider.swift */; };
		65A43FAC29B7B01C00D34E8B /* ObjectsProvider.swift in Sources */ = {isa = PBXBuildFile; fileRef = 65A43FAB29B7B01C00D34E8B /* ObjectsProvider.swift */; };
		65A43FAF29B7B17F00D34E8B /* CompositionRoot.swift in Sources */ = {isa = PBXBuildFile; fileRef = 65A43FAE29B7B17F00D34E8B /* CompositionRoot.swift */; };
		65A43FB129B7B70E00D34E8B /* LeftSideMenuView.swift in Sources */ = {isa = PBXBuildFile; fileRef = 65A43FB029B7B70E00D34E8B /* LeftSideMenuView.swift */; };
		65A43FB329B7B74500D34E8B /* sr.strings in Resources */ = {isa = PBXBuildFile; fileRef = 65A43FB229B7B74500D34E8B /* sr.strings */; };
		65A43FB629B7B86800D34E8B /* swiftgen.yml in Resources */ = {isa = PBXBuildFile; fileRef = 65A43FB529B7B86800D34E8B /* swiftgen.yml */; };
		65A43FB929B7B8E400D34E8B /* Colors.xcassets in Resources */ = {isa = PBXBuildFile; fileRef = 65A43FB829B7B8E400D34E8B /* Colors.xcassets */; };
		65D38CB329B7BA7700072C9C /* Assets.swift in Sources */ = {isa = PBXBuildFile; fileRef = 65D38CB129B7BA7700072C9C /* Assets.swift */; };
		65D38CB429B7BA7700072C9C /* Strings.swift in Sources */ = {isa = PBXBuildFile; fileRef = 65D38CB229B7BA7700072C9C /* Strings.swift */; };
		65D38CB729B7BB0800072C9C /* SFSafeSymbols in Frameworks */ = {isa = PBXBuildFile; productRef = 65D38CB629B7BB0800072C9C /* SFSafeSymbols */; };
		65D38CB929B7BE9900072C9C /* AboutView.swift in Sources */ = {isa = PBXBuildFile; fileRef = 65D38CB829B7BE9900072C9C /* AboutView.swift */; };
		65D38CBB29B7C4B300072C9C /* WebView.swift in Sources */ = {isa = PBXBuildFile; fileRef = 65D38CBA29B7C4B300072C9C /* WebView.swift */; };
		65D38CBD29B7C9D900072C9C /* NotificationsView.swift in Sources */ = {isa = PBXBuildFile; fileRef = 65D38CBC29B7C9D900072C9C /* NotificationsView.swift */; };
		65D38CBF29B7CDAB00072C9C /* ReportProblemView.swift in Sources */ = {isa = PBXBuildFile; fileRef = 65D38CBE29B7CDAB00072C9C /* ReportProblemView.swift */; };
		65D38CC129B7CFFC00072C9C /* ReportProblemProvider.swift in Sources */ = {isa = PBXBuildFile; fileRef = 65D38CC029B7CFFC00072C9C /* ReportProblemProvider.swift */; };
		65D38CC529B7E21200072C9C /* ObjectDetailsView.swift in Sources */ = {isa = PBXBuildFile; fileRef = 65D38CC429B7E21200072C9C /* ObjectDetailsView.swift */; };
		65D38CC729B7E39F00072C9C /* PagingView.swift in Sources */ = {isa = PBXBuildFile; fileRef = 65D38CC629B7E39F00072C9C /* PagingView.swift */; };
		65D38CCA29B7E41F00072C9C /* SDWebImageSwiftUI in Frameworks */ = {isa = PBXBuildFile; productRef = 65D38CC929B7E41F00072C9C /* SDWebImageSwiftUI */; };
		F631C20229B6771D00C4619B /* UsefulLinksSideMenuView.swift in Sources */ = {isa = PBXBuildFile; fileRef = F631C20129B6771D00C4619B /* UsefulLinksSideMenuView.swift */; };
		F660473929B36D710053D136 /* IslamskiObjektiUCrnojGoriApp.swift in Sources */ = {isa = PBXBuildFile; fileRef = F660473829B36D710053D136 /* IslamskiObjektiUCrnojGoriApp.swift */; };
		F660473B29B36D710053D136 /* HomePageView.swift in Sources */ = {isa = PBXBuildFile; fileRef = F660473A29B36D710053D136 /* HomePageView.swift */; };
		F660473D29B36D720053D136 /* Images.xcassets in Resources */ = {isa = PBXBuildFile; fileRef = F660473C29B36D720053D136 /* Images.xcassets */; };
		F660474A29B36D720053D136 /* IslamskiObjektiUCrnojGoriTests.swift in Sources */ = {isa = PBXBuildFile; fileRef = F660474929B36D720053D136 /* IslamskiObjektiUCrnojGoriTests.swift */; };
		F660475429B36D720053D136 /* IslamskiObjektiUCrnojGoriUITests.swift in Sources */ = {isa = PBXBuildFile; fileRef = F660475329B36D720053D136 /* IslamskiObjektiUCrnojGoriUITests.swift */; };
		F660475629B36D720053D136 /* IslamskiObjektiUCrnojGoriUITestsLaunchTests.swift in Sources */ = {isa = PBXBuildFile; fileRef = F660475529B36D720053D136 /* IslamskiObjektiUCrnojGoriUITestsLaunchTests.swift */; };
		F660476529B371920053D136 /* MapboxMaps in Frameworks */ = {isa = PBXBuildFile; productRef = F660476429B371920053D136 /* MapboxMaps */; };
		F660476729B371B20053D136 /* MapView.swift in Sources */ = {isa = PBXBuildFile; fileRef = F660476629B371B20053D136 /* MapView.swift */; };
		F6AB691A29BD04D500DFFA97 /* View+DynamicHide.swift in Sources */ = {isa = PBXBuildFile; fileRef = F6AB691929BD04D500DFFA97 /* View+DynamicHide.swift */; };
/* End PBXBuildFile section */

/* Begin PBXContainerItemProxy section */
		F660474629B36D720053D136 /* PBXContainerItemProxy */ = {
			isa = PBXContainerItemProxy;
			containerPortal = F660472D29B36D710053D136 /* Project object */;
			proxyType = 1;
			remoteGlobalIDString = F660473429B36D710053D136;
			remoteInfo = IslamskiObjektiUCrnojGori;
		};
		F660475029B36D720053D136 /* PBXContainerItemProxy */ = {
			isa = PBXContainerItemProxy;
			containerPortal = F660472D29B36D710053D136 /* Project object */;
			proxyType = 1;
			remoteGlobalIDString = F660473429B36D710053D136;
			remoteInfo = IslamskiObjektiUCrnojGori;
		};
/* End PBXContainerItemProxy section */

/* Begin PBXFileReference section */
		65A43F8F29B7A92800D34E8B /* APIRequest.swift */ = {isa = PBXFileReference; lastKnownFileType = sourcecode.swift; path = APIRequest.swift; sourceTree = "<group>"; };
		65A43F9129B7A93300D34E8B /* NetworkService.swift */ = {isa = PBXFileReference; fileEncoding = 4; lastKnownFileType = sourcecode.swift; path = NetworkService.swift; sourceTree = "<group>"; };
		65A43F9329B7A93C00D34E8B /* NetworSession.swift */ = {isa = PBXFileReference; fileEncoding = 4; lastKnownFileType = sourcecode.swift; path = NetworSession.swift; sourceTree = "<group>"; };
		65A43F9929B7AB8200D34E8B /* Links.swift */ = {isa = PBXFileReference; lastKnownFileType = sourcecode.swift; path = Links.swift; sourceTree = "<group>"; };
		65A43F9B29B7ABCA00D34E8B /* About.swift */ = {isa = PBXFileReference; lastKnownFileType = sourcecode.swift; path = About.swift; sourceTree = "<group>"; };
		65A43F9D29B7ABFF00D34E8B /* Notifications.swift */ = {isa = PBXFileReference; lastKnownFileType = sourcecode.swift; path = Notifications.swift; sourceTree = "<group>"; };
		65A43F9F29B7AC5700D34E8B /* ObjectDetails.swift */ = {isa = PBXFileReference; lastKnownFileType = sourcecode.swift; path = ObjectDetails.swift; sourceTree = "<group>"; };
		65A43FA129B7AD6600D34E8B /* AllObjects.swift */ = {isa = PBXFileReference; lastKnownFileType = sourcecode.swift; path = AllObjects.swift; sourceTree = "<group>"; };
		65A43FA429B7AEB300D34E8B /* LinksProvider.swift */ = {isa = PBXFileReference; lastKnownFileType = sourcecode.swift; path = LinksProvider.swift; sourceTree = "<group>"; };
		65A43FA629B7AF3800D34E8B /* AboutProvider.swift */ = {isa = PBXFileReference; lastKnownFileType = sourcecode.swift; path = AboutProvider.swift; sourceTree = "<group>"; };
		65A43FA929B7AFE400D34E8B /* NotificationsProvider.swift */ = {isa = PBXFileReference; lastKnownFileType = sourcecode.swift; path = NotificationsProvider.swift; sourceTree = "<group>"; };
		65A43FAB29B7B01C00D34E8B /* ObjectsProvider.swift */ = {isa = PBXFileReference; lastKnownFileType = sourcecode.swift; path = ObjectsProvider.swift; sourceTree = "<group>"; };
		65A43FAE29B7B17F00D34E8B /* CompositionRoot.swift */ = {isa = PBXFileReference; lastKnownFileType = sourcecode.swift; path = CompositionRoot.swift; sourceTree = "<group>"; };
		65A43FB029B7B70E00D34E8B /* LeftSideMenuView.swift */ = {isa = PBXFileReference; lastKnownFileType = sourcecode.swift; path = LeftSideMenuView.swift; sourceTree = "<group>"; };
		65A43FB229B7B74500D34E8B /* sr.strings */ = {isa = PBXFileReference; lastKnownFileType = text.plist.strings; path = sr.strings; sourceTree = "<group>"; };
		65A43FB529B7B86800D34E8B /* swiftgen.yml */ = {isa = PBXFileReference; fileEncoding = 4; lastKnownFileType = text.yaml; path = swiftgen.yml; sourceTree = "<group>"; };
		65A43FB829B7B8E400D34E8B /* Colors.xcassets */ = {isa = PBXFileReference; lastKnownFileType = folder.assetcatalog; path = Colors.xcassets; sourceTree = "<group>"; };
		65D38CB129B7BA7700072C9C /* Assets.swift */ = {isa = PBXFileReference; fileEncoding = 4; lastKnownFileType = sourcecode.swift; path = Assets.swift; sourceTree = "<group>"; };
		65D38CB229B7BA7700072C9C /* Strings.swift */ = {isa = PBXFileReference; fileEncoding = 4; lastKnownFileType = sourcecode.swift; path = Strings.swift; sourceTree = "<group>"; };
		65D38CB829B7BE9900072C9C /* AboutView.swift */ = {isa = PBXFileReference; lastKnownFileType = sourcecode.swift; path = AboutView.swift; sourceTree = "<group>"; };
		65D38CBA29B7C4B300072C9C /* WebView.swift */ = {isa = PBXFileReference; lastKnownFileType = sourcecode.swift; path = WebView.swift; sourceTree = "<group>"; };
		65D38CBC29B7C9D900072C9C /* NotificationsView.swift */ = {isa = PBXFileReference; lastKnownFileType = sourcecode.swift; path = NotificationsView.swift; sourceTree = "<group>"; };
		65D38CBE29B7CDAB00072C9C /* ReportProblemView.swift */ = {isa = PBXFileReference; lastKnownFileType = sourcecode.swift; path = ReportProblemView.swift; sourceTree = "<group>"; };
		65D38CC029B7CFFC00072C9C /* ReportProblemProvider.swift */ = {isa = PBXFileReference; lastKnownFileType = sourcecode.swift; path = ReportProblemProvider.swift; sourceTree = "<group>"; };
		65D38CC429B7E21200072C9C /* ObjectDetailsView.swift */ = {isa = PBXFileReference; lastKnownFileType = sourcecode.swift; path = ObjectDetailsView.swift; sourceTree = "<group>"; };
		65D38CC629B7E39F00072C9C /* PagingView.swift */ = {isa = PBXFileReference; lastKnownFileType = sourcecode.swift; path = PagingView.swift; sourceTree = "<group>"; };
		F631C20129B6771D00C4619B /* UsefulLinksSideMenuView.swift */ = {isa = PBXFileReference; lastKnownFileType = sourcecode.swift; path = UsefulLinksSideMenuView.swift; sourceTree = "<group>"; };
		F660473529B36D710053D136 /* IslamskiObjektiUCrnojGori.app */ = {isa = PBXFileReference; explicitFileType = wrapper.application; includeInIndex = 0; path = IslamskiObjektiUCrnojGori.app; sourceTree = BUILT_PRODUCTS_DIR; };
		F660473829B36D710053D136 /* IslamskiObjektiUCrnojGoriApp.swift */ = {isa = PBXFileReference; lastKnownFileType = sourcecode.swift; path = IslamskiObjektiUCrnojGoriApp.swift; sourceTree = "<group>"; };
		F660473A29B36D710053D136 /* HomePageView.swift */ = {isa = PBXFileReference; lastKnownFileType = sourcecode.swift; path = HomePageView.swift; sourceTree = "<group>"; };
		F660473C29B36D720053D136 /* Images.xcassets */ = {isa = PBXFileReference; lastKnownFileType = folder.assetcatalog; path = Images.xcassets; sourceTree = "<group>"; };
		F660474529B36D720053D136 /* IslamskiObjektiUCrnojGoriTests.xctest */ = {isa = PBXFileReference; explicitFileType = wrapper.cfbundle; includeInIndex = 0; path = IslamskiObjektiUCrnojGoriTests.xctest; sourceTree = BUILT_PRODUCTS_DIR; };
		F660474929B36D720053D136 /* IslamskiObjektiUCrnojGoriTests.swift */ = {isa = PBXFileReference; lastKnownFileType = sourcecode.swift; path = IslamskiObjektiUCrnojGoriTests.swift; sourceTree = "<group>"; };
		F660474F29B36D720053D136 /* IslamskiObjektiUCrnojGoriUITests.xctest */ = {isa = PBXFileReference; explicitFileType = wrapper.cfbundle; includeInIndex = 0; path = IslamskiObjektiUCrnojGoriUITests.xctest; sourceTree = BUILT_PRODUCTS_DIR; };
		F660475329B36D720053D136 /* IslamskiObjektiUCrnojGoriUITests.swift */ = {isa = PBXFileReference; lastKnownFileType = sourcecode.swift; path = IslamskiObjektiUCrnojGoriUITests.swift; sourceTree = "<group>"; };
		F660475529B36D720053D136 /* IslamskiObjektiUCrnojGoriUITestsLaunchTests.swift */ = {isa = PBXFileReference; lastKnownFileType = sourcecode.swift; path = IslamskiObjektiUCrnojGoriUITestsLaunchTests.swift; sourceTree = "<group>"; };
		F660476229B36F400053D136 /* Info.plist */ = {isa = PBXFileReference; lastKnownFileType = text.plist; path = Info.plist; sourceTree = "<group>"; };
		F660476629B371B20053D136 /* MapView.swift */ = {isa = PBXFileReference; lastKnownFileType = sourcecode.swift; path = MapView.swift; sourceTree = "<group>"; };
		F6AB691929BD04D500DFFA97 /* View+DynamicHide.swift */ = {isa = PBXFileReference; lastKnownFileType = sourcecode.swift; path = "View+DynamicHide.swift"; sourceTree = "<group>"; };
/* End PBXFileReference section */

/* Begin PBXFrameworksBuildPhase section */
		F660473229B36D710053D136 /* Frameworks */ = {
			isa = PBXFrameworksBuildPhase;
			buildActionMask = 2147483647;
			files = (
				65D38CCA29B7E41F00072C9C /* SDWebImageSwiftUI in Frameworks */,
				65D38CB729B7BB0800072C9C /* SFSafeSymbols in Frameworks */,
				F660476529B371920053D136 /* MapboxMaps in Frameworks */,
			);
			runOnlyForDeploymentPostprocessing = 0;
		};
		F660474229B36D720053D136 /* Frameworks */ = {
			isa = PBXFrameworksBuildPhase;
			buildActionMask = 2147483647;
			files = (
			);
			runOnlyForDeploymentPostprocessing = 0;
		};
		F660474C29B36D720053D136 /* Frameworks */ = {
			isa = PBXFrameworksBuildPhase;
			buildActionMask = 2147483647;
			files = (
			);
			runOnlyForDeploymentPostprocessing = 0;
		};
/* End PBXFrameworksBuildPhase section */

/* Begin PBXGroup section */
		65A43F8E29B7A88C00D34E8B /* Preview Content */ = {
			isa = PBXGroup;
			children = (
			);
			path = "Preview Content";
			sourceTree = "<group>";
		};
		65A43F9529B7A94900D34E8B /* Data Layer */ = {
			isa = PBXGroup;
			children = (
				65A43FA329B7ADD900D34E8B /* Networking */,
				65A43FA829B7AFCD00D34E8B /* Providers */,
			);
			path = "Data Layer";
			sourceTree = "<group>";
		};
		65A43F9829B7AB7B00D34E8B /* Models */ = {
			isa = PBXGroup;
			children = (
				65A43F9929B7AB8200D34E8B /* Links.swift */,
				65A43F9B29B7ABCA00D34E8B /* About.swift */,
				65A43F9D29B7ABFF00D34E8B /* Notifications.swift */,
				65A43F9F29B7AC5700D34E8B /* ObjectDetails.swift */,
				65A43FA129B7AD6600D34E8B /* AllObjects.swift */,
			);
			path = Models;
			sourceTree = "<group>";
		};
		65A43FA329B7ADD900D34E8B /* Networking */ = {
			isa = PBXGroup;
			children = (
				65A43F8F29B7A92800D34E8B /* APIRequest.swift */,
				65A43F9129B7A93300D34E8B /* NetworkService.swift */,
				65A43F9329B7A93C00D34E8B /* NetworSession.swift */,
			);
			path = Networking;
			sourceTree = "<group>";
		};
		65A43FA829B7AFCD00D34E8B /* Providers */ = {
			isa = PBXGroup;
			children = (
				65A43FA429B7AEB300D34E8B /* LinksProvider.swift */,
				65A43FA629B7AF3800D34E8B /* AboutProvider.swift */,
				65A43FA929B7AFE400D34E8B /* NotificationsProvider.swift */,
				65A43FAB29B7B01C00D34E8B /* ObjectsProvider.swift */,
				65D38CC029B7CFFC00072C9C /* ReportProblemProvider.swift */,
			);
			path = Providers;
			sourceTree = "<group>";
		};
		65A43FAD29B7B16E00D34E8B /* Main */ = {
			isa = PBXGroup;
			children = (
				F660473829B36D710053D136 /* IslamskiObjektiUCrnojGoriApp.swift */,
				65A43FAE29B7B17F00D34E8B /* CompositionRoot.swift */,
			);
			path = Main;
			sourceTree = "<group>";
		};
		65A43FB729B7B88100D34E8B /* Resources */ = {
			isa = PBXGroup;
			children = (
				F660473C29B36D720053D136 /* Images.xcassets */,
				65A43FB829B7B8E400D34E8B /* Colors.xcassets */,
				65A43FB229B7B74500D34E8B /* sr.strings */,
			);
			path = Resources;
			sourceTree = "<group>";
		};
		65D38CB029B7B9F500072C9C /* Generated */ = {
			isa = PBXGroup;
			children = (
				65D38CB129B7BA7700072C9C /* Assets.swift */,
				65D38CB229B7BA7700072C9C /* Strings.swift */,
			);
			path = Generated;
			sourceTree = "<group>";
		};
		F660472C29B36D710053D136 = {
			isa = PBXGroup;
			children = (
				65A43FB529B7B86800D34E8B /* swiftgen.yml */,
				F660473729B36D710053D136 /* IslamskiObjektiUCrnojGori */,
				F660474829B36D720053D136 /* IslamskiObjektiUCrnojGoriTests */,
				F660475229B36D720053D136 /* IslamskiObjektiUCrnojGoriUITests */,
				F660473629B36D710053D136 /* Products */,
			);
			sourceTree = "<group>";
		};
		F660473629B36D710053D136 /* Products */ = {
			isa = PBXGroup;
			children = (
				F660473529B36D710053D136 /* IslamskiObjektiUCrnojGori.app */,
				F660474529B36D720053D136 /* IslamskiObjektiUCrnojGoriTests.xctest */,
				F660474F29B36D720053D136 /* IslamskiObjektiUCrnojGoriUITests.xctest */,
			);
			name = Products;
			sourceTree = "<group>";
		};
		F660473729B36D710053D136 /* IslamskiObjektiUCrnojGori */ = {
			isa = PBXGroup;
			children = (
				65A43FAD29B7B16E00D34E8B /* Main */,
				65A43F9529B7A94900D34E8B /* Data Layer */,
				65A43F9829B7AB7B00D34E8B /* Models */,
				F6E1057729B380EE00A55004 /* Views */,
				F660476229B36F400053D136 /* Info.plist */,
				65A43FB729B7B88100D34E8B /* Resources */,
				65D38CB029B7B9F500072C9C /* Generated */,
				65A43F8E29B7A88C00D34E8B /* Preview Content */,
			);
			path = IslamskiObjektiUCrnojGori;
			sourceTree = "<group>";
		};
		F660474829B36D720053D136 /* IslamskiObjektiUCrnojGoriTests */ = {
			isa = PBXGroup;
			children = (
				F660474929B36D720053D136 /* IslamskiObjektiUCrnojGoriTests.swift */,
			);
			path = IslamskiObjektiUCrnojGoriTests;
			sourceTree = "<group>";
		};
		F660475229B36D720053D136 /* IslamskiObjektiUCrnojGoriUITests */ = {
			isa = PBXGroup;
			children = (
				F660475329B36D720053D136 /* IslamskiObjektiUCrnojGoriUITests.swift */,
				F660475529B36D720053D136 /* IslamskiObjektiUCrnojGoriUITestsLaunchTests.swift */,
			);
			path = IslamskiObjektiUCrnojGoriUITests;
			sourceTree = "<group>";
		};
		F6AB691829BD04C100DFFA97 /* Helpers */ = {
			isa = PBXGroup;
			children = (
				F6AB691929BD04D500DFFA97 /* View+DynamicHide.swift */,
			);
			path = Helpers;
			sourceTree = "<group>";
		};
		F6E1057729B380EE00A55004 /* Views */ = {
			isa = PBXGroup;
			children = (
				F6AB691829BD04C100DFFA97 /* Helpers */,
				F6E1057829B3810C00A55004 /* Components */,
				F660473A29B36D710053D136 /* HomePageView.swift */,
				65D38CB829B7BE9900072C9C /* AboutView.swift */,
				65D38CBC29B7C9D900072C9C /* NotificationsView.swift */,
				65D38CBE29B7CDAB00072C9C /* ReportProblemView.swift */,
				65D38CC429B7E21200072C9C /* ObjectDetailsView.swift */,
			);
			path = Views;
			sourceTree = "<group>";
		};
		F6E1057829B3810C00A55004 /* Components */ = {
			isa = PBXGroup;
			children = (
				F660476629B371B20053D136 /* MapView.swift */,
				65A43FB029B7B70E00D34E8B /* LeftSideMenuView.swift */,
				F631C20129B6771D00C4619B /* UsefulLinksSideMenuView.swift */,
				65D38CBA29B7C4B300072C9C /* WebView.swift */,
				65D38CC629B7E39F00072C9C /* PagingView.swift */,
			);
			path = Components;
			sourceTree = "<group>";
		};
/* End PBXGroup section */

/* Begin PBXNativeTarget section */
		F660473429B36D710053D136 /* IslamskiObjektiUCrnojGori */ = {
			isa = PBXNativeTarget;
			buildConfigurationList = F660475929B36D720053D136 /* Build configuration list for PBXNativeTarget "IslamskiObjektiUCrnojGori" */;
			buildPhases = (
				F660473129B36D710053D136 /* Sources */,
				F660473229B36D710053D136 /* Frameworks */,
				F660473329B36D710053D136 /* Resources */,
			);
			buildRules = (
			);
			dependencies = (
			);
			name = IslamskiObjektiUCrnojGori;
			packageProductDependencies = (
				F660476429B371920053D136 /* MapboxMaps */,
				65D38CB629B7BB0800072C9C /* SFSafeSymbols */,
				65D38CC929B7E41F00072C9C /* SDWebImageSwiftUI */,
			);
			productName = IslamskiObjektiUCrnojGori;
			productReference = F660473529B36D710053D136 /* IslamskiObjektiUCrnojGori.app */;
			productType = "com.apple.product-type.application";
		};
		F660474429B36D720053D136 /* IslamskiObjektiUCrnojGoriTests */ = {
			isa = PBXNativeTarget;
			buildConfigurationList = F660475C29B36D720053D136 /* Build configuration list for PBXNativeTarget "IslamskiObjektiUCrnojGoriTests" */;
			buildPhases = (
				F660474129B36D720053D136 /* Sources */,
				F660474229B36D720053D136 /* Frameworks */,
				F660474329B36D720053D136 /* Resources */,
			);
			buildRules = (
			);
			dependencies = (
				F660474729B36D720053D136 /* PBXTargetDependency */,
			);
			name = IslamskiObjektiUCrnojGoriTests;
			productName = IslamskiObjektiUCrnojGoriTests;
			productReference = F660474529B36D720053D136 /* IslamskiObjektiUCrnojGoriTests.xctest */;
			productType = "com.apple.product-type.bundle.unit-test";
		};
		F660474E29B36D720053D136 /* IslamskiObjektiUCrnojGoriUITests */ = {
			isa = PBXNativeTarget;
			buildConfigurationList = F660475F29B36D720053D136 /* Build configuration list for PBXNativeTarget "IslamskiObjektiUCrnojGoriUITests" */;
			buildPhases = (
				F660474B29B36D720053D136 /* Sources */,
				F660474C29B36D720053D136 /* Frameworks */,
				F660474D29B36D720053D136 /* Resources */,
			);
			buildRules = (
			);
			dependencies = (
				F660475129B36D720053D136 /* PBXTargetDependency */,
			);
			name = IslamskiObjektiUCrnojGoriUITests;
			productName = IslamskiObjektiUCrnojGoriUITests;
			productReference = F660474F29B36D720053D136 /* IslamskiObjektiUCrnojGoriUITests.xctest */;
			productType = "com.apple.product-type.bundle.ui-testing";
		};
/* End PBXNativeTarget section */

/* Begin PBXProject section */
		F660472D29B36D710053D136 /* Project object */ = {
			isa = PBXProject;
			attributes = {
				BuildIndependentTargetsInParallel = 1;
				LastSwiftUpdateCheck = 1420;
				LastUpgradeCheck = 1420;
				TargetAttributes = {
					F660473429B36D710053D136 = {
						CreatedOnToolsVersion = 14.2;
					};
					F660474429B36D720053D136 = {
						CreatedOnToolsVersion = 14.2;
						TestTargetID = F660473429B36D710053D136;
					};
					F660474E29B36D720053D136 = {
						CreatedOnToolsVersion = 14.2;
						TestTargetID = F660473429B36D710053D136;
					};
				};
			};
			buildConfigurationList = F660473029B36D710053D136 /* Build configuration list for PBXProject "IslamskiObjektiUCrnojGori" */;
			compatibilityVersion = "Xcode 14.0";
			developmentRegion = en;
			hasScannedForEncodings = 0;
			knownRegions = (
				en,
				Base,
			);
			mainGroup = F660472C29B36D710053D136;
			packageReferences = (
				F660476329B371920053D136 /* XCRemoteSwiftPackageReference "mapbox-maps-ios" */,
				65A43FB429B7B83900D34E8B /* XCRemoteSwiftPackageReference "SwiftGenPlugin" */,
				65D38CB529B7BB0800072C9C /* XCRemoteSwiftPackageReference "SFSafeSymbols" */,
				65D38CC829B7E41F00072C9C /* XCRemoteSwiftPackageReference "SDWebImageSwiftUI" */,
			);
			productRefGroup = F660473629B36D710053D136 /* Products */;
			projectDirPath = "";
			projectRoot = "";
			targets = (
				F660473429B36D710053D136 /* IslamskiObjektiUCrnojGori */,
				F660474429B36D720053D136 /* IslamskiObjektiUCrnojGoriTests */,
				F660474E29B36D720053D136 /* IslamskiObjektiUCrnojGoriUITests */,
			);
		};
/* End PBXProject section */

/* Begin PBXResourcesBuildPhase section */
		F660473329B36D710053D136 /* Resources */ = {
			isa = PBXResourcesBuildPhase;
			buildActionMask = 2147483647;
			files = (
				F660473D29B36D720053D136 /* Images.xcassets in Resources */,
				65A43FB929B7B8E400D34E8B /* Colors.xcassets in Resources */,
				65A43FB629B7B86800D34E8B /* swiftgen.yml in Resources */,
				65A43FB329B7B74500D34E8B /* sr.strings in Resources */,
			);
			runOnlyForDeploymentPostprocessing = 0;
		};
		F660474329B36D720053D136 /* Resources */ = {
			isa = PBXResourcesBuildPhase;
			buildActionMask = 2147483647;
			files = (
			);
			runOnlyForDeploymentPostprocessing = 0;
		};
		F660474D29B36D720053D136 /* Resources */ = {
			isa = PBXResourcesBuildPhase;
			buildActionMask = 2147483647;
			files = (
			);
			runOnlyForDeploymentPostprocessing = 0;
		};
/* End PBXResourcesBuildPhase section */

/* Begin PBXSourcesBuildPhase section */
		F660473129B36D710053D136 /* Sources */ = {
			isa = PBXSourcesBuildPhase;
			buildActionMask = 2147483647;
			files = (
				65A43F9E29B7ABFF00D34E8B /* Notifications.swift in Sources */,
				65D38CB929B7BE9900072C9C /* AboutView.swift in Sources */,
				F660473B29B36D710053D136 /* HomePageView.swift in Sources */,
				65D38CB429B7BA7700072C9C /* Strings.swift in Sources */,
				65D38CB329B7BA7700072C9C /* Assets.swift in Sources */,
				65A43FAA29B7AFE400D34E8B /* NotificationsProvider.swift in Sources */,
				65A43F9429B7A93D00D34E8B /* NetworSession.swift in Sources */,
				F660476729B371B20053D136 /* MapView.swift in Sources */,
				65A43FAC29B7B01C00D34E8B /* ObjectsProvider.swift in Sources */,
				F660473929B36D710053D136 /* IslamskiObjektiUCrnojGoriApp.swift in Sources */,
				65D38CC529B7E21200072C9C /* ObjectDetailsView.swift in Sources */,
				65D38CBF29B7CDAB00072C9C /* ReportProblemView.swift in Sources */,
				65A43F9029B7A92800D34E8B /* APIRequest.swift in Sources */,
				65A43F9229B7A93300D34E8B /* NetworkService.swift in Sources */,
				F631C20229B6771D00C4619B /* UsefulLinksSideMenuView.swift in Sources */,
				65A43FA529B7AEB300D34E8B /* LinksProvider.swift in Sources */,
				65A43F9C29B7ABCA00D34E8B /* About.swift in Sources */,
				65D38CBD29B7C9D900072C9C /* NotificationsView.swift in Sources */,
				65A43FA029B7AC5700D34E8B /* ObjectDetails.swift in Sources */,
				65A43FAF29B7B17F00D34E8B /* CompositionRoot.swift in Sources */,
				65A43FA229B7AD6600D34E8B /* AllObjects.swift in Sources */,
				65D38CC729B7E39F00072C9C /* PagingView.swift in Sources */,
				65A43FB129B7B70E00D34E8B /* LeftSideMenuView.swift in Sources */,
				65A43FA729B7AF3800D34E8B /* AboutProvider.swift in Sources */,
				65A43F9A29B7AB8200D34E8B /* Links.swift in Sources */,
				65D38CBB29B7C4B300072C9C /* WebView.swift in Sources */,
				F6AB691A29BD04D500DFFA97 /* View+DynamicHide.swift in Sources */,
				65D38CC129B7CFFC00072C9C /* ReportProblemProvider.swift in Sources */,
			);
			runOnlyForDeploymentPostprocessing = 0;
		};
		F660474129B36D720053D136 /* Sources */ = {
			isa = PBXSourcesBuildPhase;
			buildActionMask = 2147483647;
			files = (
				F660474A29B36D720053D136 /* IslamskiObjektiUCrnojGoriTests.swift in Sources */,
			);
			runOnlyForDeploymentPostprocessing = 0;
		};
		F660474B29B36D720053D136 /* Sources */ = {
			isa = PBXSourcesBuildPhase;
			buildActionMask = 2147483647;
			files = (
				F660475629B36D720053D136 /* IslamskiObjektiUCrnojGoriUITestsLaunchTests.swift in Sources */,
				F660475429B36D720053D136 /* IslamskiObjektiUCrnojGoriUITests.swift in Sources */,
			);
			runOnlyForDeploymentPostprocessing = 0;
		};
/* End PBXSourcesBuildPhase section */

/* Begin PBXTargetDependency section */
		F660474729B36D720053D136 /* PBXTargetDependency */ = {
			isa = PBXTargetDependency;
			target = F660473429B36D710053D136 /* IslamskiObjektiUCrnojGori */;
			targetProxy = F660474629B36D720053D136 /* PBXContainerItemProxy */;
		};
		F660475129B36D720053D136 /* PBXTargetDependency */ = {
			isa = PBXTargetDependency;
			target = F660473429B36D710053D136 /* IslamskiObjektiUCrnojGori */;
			targetProxy = F660475029B36D720053D136 /* PBXContainerItemProxy */;
		};
/* End PBXTargetDependency section */

/* Begin XCBuildConfiguration section */
		F660475729B36D720053D136 /* Debug */ = {
			isa = XCBuildConfiguration;
			buildSettings = {
				ALWAYS_SEARCH_USER_PATHS = NO;
				CLANG_ANALYZER_NONNULL = YES;
				CLANG_ANALYZER_NUMBER_OBJECT_CONVERSION = YES_AGGRESSIVE;
				CLANG_CXX_LANGUAGE_STANDARD = "gnu++20";
				CLANG_ENABLE_MODULES = YES;
				CLANG_ENABLE_OBJC_ARC = YES;
				CLANG_ENABLE_OBJC_WEAK = YES;
				CLANG_WARN_BLOCK_CAPTURE_AUTORELEASING = YES;
				CLANG_WARN_BOOL_CONVERSION = YES;
				CLANG_WARN_COMMA = YES;
				CLANG_WARN_CONSTANT_CONVERSION = YES;
				CLANG_WARN_DEPRECATED_OBJC_IMPLEMENTATIONS = YES;
				CLANG_WARN_DIRECT_OBJC_ISA_USAGE = YES_ERROR;
				CLANG_WARN_DOCUMENTATION_COMMENTS = YES;
				CLANG_WARN_EMPTY_BODY = YES;
				CLANG_WARN_ENUM_CONVERSION = YES;
				CLANG_WARN_INFINITE_RECURSION = YES;
				CLANG_WARN_INT_CONVERSION = YES;
				CLANG_WARN_NON_LITERAL_NULL_CONVERSION = YES;
				CLANG_WARN_OBJC_IMPLICIT_RETAIN_SELF = YES;
				CLANG_WARN_OBJC_LITERAL_CONVERSION = YES;
				CLANG_WARN_OBJC_ROOT_CLASS = YES_ERROR;
				CLANG_WARN_QUOTED_INCLUDE_IN_FRAMEWORK_HEADER = YES;
				CLANG_WARN_RANGE_LOOP_ANALYSIS = YES;
				CLANG_WARN_STRICT_PROTOTYPES = YES;
				CLANG_WARN_SUSPICIOUS_MOVE = YES;
				CLANG_WARN_UNGUARDED_AVAILABILITY = YES_AGGRESSIVE;
				CLANG_WARN_UNREACHABLE_CODE = YES;
				CLANG_WARN__DUPLICATE_METHOD_MATCH = YES;
				COPY_PHASE_STRIP = NO;
				DEBUG_INFORMATION_FORMAT = dwarf;
				ENABLE_STRICT_OBJC_MSGSEND = YES;
				ENABLE_TESTABILITY = YES;
				GCC_C_LANGUAGE_STANDARD = gnu11;
				GCC_DYNAMIC_NO_PIC = NO;
				GCC_NO_COMMON_BLOCKS = YES;
				GCC_OPTIMIZATION_LEVEL = 0;
				GCC_PREPROCESSOR_DEFINITIONS = (
					"DEBUG=1",
					"$(inherited)",
				);
				GCC_WARN_64_TO_32_BIT_CONVERSION = YES;
				GCC_WARN_ABOUT_RETURN_TYPE = YES_ERROR;
				GCC_WARN_UNDECLARED_SELECTOR = YES;
				GCC_WARN_UNINITIALIZED_AUTOS = YES_AGGRESSIVE;
				GCC_WARN_UNUSED_FUNCTION = YES;
				GCC_WARN_UNUSED_VARIABLE = YES;
				IPHONEOS_DEPLOYMENT_TARGET = 16.2;
				MTL_ENABLE_DEBUG_INFO = INCLUDE_SOURCE;
				MTL_FAST_MATH = YES;
				ONLY_ACTIVE_ARCH = YES;
				SDKROOT = iphoneos;
				SWIFT_ACTIVE_COMPILATION_CONDITIONS = DEBUG;
				SWIFT_OPTIMIZATION_LEVEL = "-Onone";
			};
			name = Debug;
		};
		F660475829B36D720053D136 /* Release */ = {
			isa = XCBuildConfiguration;
			buildSettings = {
				ALWAYS_SEARCH_USER_PATHS = NO;
				CLANG_ANALYZER_NONNULL = YES;
				CLANG_ANALYZER_NUMBER_OBJECT_CONVERSION = YES_AGGRESSIVE;
				CLANG_CXX_LANGUAGE_STANDARD = "gnu++20";
				CLANG_ENABLE_MODULES = YES;
				CLANG_ENABLE_OBJC_ARC = YES;
				CLANG_ENABLE_OBJC_WEAK = YES;
				CLANG_WARN_BLOCK_CAPTURE_AUTORELEASING = YES;
				CLANG_WARN_BOOL_CONVERSION = YES;
				CLANG_WARN_COMMA = YES;
				CLANG_WARN_CONSTANT_CONVERSION = YES;
				CLANG_WARN_DEPRECATED_OBJC_IMPLEMENTATIONS = YES;
				CLANG_WARN_DIRECT_OBJC_ISA_USAGE = YES_ERROR;
				CLANG_WARN_DOCUMENTATION_COMMENTS = YES;
				CLANG_WARN_EMPTY_BODY = YES;
				CLANG_WARN_ENUM_CONVERSION = YES;
				CLANG_WARN_INFINITE_RECURSION = YES;
				CLANG_WARN_INT_CONVERSION = YES;
				CLANG_WARN_NON_LITERAL_NULL_CONVERSION = YES;
				CLANG_WARN_OBJC_IMPLICIT_RETAIN_SELF = YES;
				CLANG_WARN_OBJC_LITERAL_CONVERSION = YES;
				CLANG_WARN_OBJC_ROOT_CLASS = YES_ERROR;
				CLANG_WARN_QUOTED_INCLUDE_IN_FRAMEWORK_HEADER = YES;
				CLANG_WARN_RANGE_LOOP_ANALYSIS = YES;
				CLANG_WARN_STRICT_PROTOTYPES = YES;
				CLANG_WARN_SUSPICIOUS_MOVE = YES;
				CLANG_WARN_UNGUARDED_AVAILABILITY = YES_AGGRESSIVE;
				CLANG_WARN_UNREACHABLE_CODE = YES;
				CLANG_WARN__DUPLICATE_METHOD_MATCH = YES;
				COPY_PHASE_STRIP = NO;
				DEBUG_INFORMATION_FORMAT = "dwarf-with-dsym";
				ENABLE_NS_ASSERTIONS = NO;
				ENABLE_STRICT_OBJC_MSGSEND = YES;
				GCC_C_LANGUAGE_STANDARD = gnu11;
				GCC_NO_COMMON_BLOCKS = YES;
				GCC_WARN_64_TO_32_BIT_CONVERSION = YES;
				GCC_WARN_ABOUT_RETURN_TYPE = YES_ERROR;
				GCC_WARN_UNDECLARED_SELECTOR = YES;
				GCC_WARN_UNINITIALIZED_AUTOS = YES_AGGRESSIVE;
				GCC_WARN_UNUSED_FUNCTION = YES;
				GCC_WARN_UNUSED_VARIABLE = YES;
				IPHONEOS_DEPLOYMENT_TARGET = 16.2;
				MTL_ENABLE_DEBUG_INFO = NO;
				MTL_FAST_MATH = YES;
				SDKROOT = iphoneos;
				SWIFT_COMPILATION_MODE = wholemodule;
				SWIFT_OPTIMIZATION_LEVEL = "-O";
				VALIDATE_PRODUCT = YES;
			};
			name = Release;
		};
		F660475A29B36D720053D136 /* Debug */ = {
			isa = XCBuildConfiguration;
			buildSettings = {
				ASSETCATALOG_COMPILER_APPICON_NAME = AppIcon;
				ASSETCATALOG_COMPILER_GLOBAL_ACCENT_COLOR_NAME = AccentColor;
				CODE_SIGN_STYLE = Automatic;
				CURRENT_PROJECT_VERSION = 1;
				DEVELOPMENT_ASSET_PATHS = "\"IslamskiObjektiUCrnojGori/Preview Content\"";
				DEVELOPMENT_TEAM = LWLYM5BX6D;
				ENABLE_PREVIEWS = YES;
				GENERATE_INFOPLIST_FILE = YES;
				INFOPLIST_FILE = IslamskiObjektiUCrnojGori/Info.plist;
				INFOPLIST_KEY_CFBundleDisplayName = "";
				INFOPLIST_KEY_LSApplicationCategoryType = "";
				INFOPLIST_KEY_NSLocationWhenInUseUsageDescription = "Your current location will be displayed on the map and used for directions.";
				INFOPLIST_KEY_UIApplicationSceneManifest_Generation = YES;
				INFOPLIST_KEY_UIApplicationSupportsIndirectInputEvents = YES;
				INFOPLIST_KEY_UILaunchScreen_Generation = YES;
				INFOPLIST_KEY_UISupportedInterfaceOrientations = UIInterfaceOrientationPortrait;
				INFOPLIST_KEY_UISupportedInterfaceOrientations_iPad = "UIInterfaceOrientationLandscapeLeft UIInterfaceOrientationLandscapeRight UIInterfaceOrientationPortrait UIInterfaceOrientationPortraitUpsideDown";
				IPHONEOS_DEPLOYMENT_TARGET = 16;
				LD_RUNPATH_SEARCH_PATHS = (
					"$(inherited)",
					"@executable_path/Frameworks",
				);
				MARKETING_VERSION = 1.0;
				PRODUCT_BUNDLE_IDENTIFIER = markos.IslamskiObjektiUCrnojGori;
				PRODUCT_NAME = "$(TARGET_NAME)";
				SUPPORTED_PLATFORMS = "iphoneos iphonesimulator";
				SUPPORTS_MACCATALYST = NO;
				SUPPORTS_MAC_DESIGNED_FOR_IPHONE_IPAD = NO;
				SWIFT_EMIT_LOC_STRINGS = YES;
				SWIFT_VERSION = 5.0;
				TARGETED_DEVICE_FAMILY = 1;
			};
			name = Debug;
		};
		F660475B29B36D720053D136 /* Release */ = {
			isa = XCBuildConfiguration;
			buildSettings = {
				ASSETCATALOG_COMPILER_APPICON_NAME = AppIcon;
				ASSETCATALOG_COMPILER_GLOBAL_ACCENT_COLOR_NAME = AccentColor;
				CODE_SIGN_STYLE = Automatic;
				CURRENT_PROJECT_VERSION = 1;
				DEVELOPMENT_ASSET_PATHS = "\"IslamskiObjektiUCrnojGori/Preview Content\"";
				DEVELOPMENT_TEAM = LWLYM5BX6D;
				ENABLE_PREVIEWS = YES;
				GENERATE_INFOPLIST_FILE = YES;
				INFOPLIST_FILE = IslamskiObjektiUCrnojGori/Info.plist;
				INFOPLIST_KEY_CFBundleDisplayName = "";
				INFOPLIST_KEY_LSApplicationCategoryType = "";
				INFOPLIST_KEY_NSLocationWhenInUseUsageDescription = "Your current location will be displayed on the map and used for directions.";
				INFOPLIST_KEY_UIApplicationSceneManifest_Generation = YES;
				INFOPLIST_KEY_UIApplicationSupportsIndirectInputEvents = YES;
				INFOPLIST_KEY_UILaunchScreen_Generation = YES;
				INFOPLIST_KEY_UISupportedInterfaceOrientations = UIInterfaceOrientationPortrait;
				INFOPLIST_KEY_UISupportedInterfaceOrientations_iPad = "UIInterfaceOrientationLandscapeLeft UIInterfaceOrientationLandscapeRight UIInterfaceOrientationPortrait UIInterfaceOrientationPortraitUpsideDown";
				IPHONEOS_DEPLOYMENT_TARGET = 16;
				LD_RUNPATH_SEARCH_PATHS = (
					"$(inherited)",
					"@executable_path/Frameworks",
				);
				MARKETING_VERSION = 1.0;
				PRODUCT_BUNDLE_IDENTIFIER = markos.IslamskiObjektiUCrnojGori;
				PRODUCT_NAME = "$(TARGET_NAME)";
				SUPPORTED_PLATFORMS = "iphoneos iphonesimulator";
				SUPPORTS_MACCATALYST = NO;
				SUPPORTS_MAC_DESIGNED_FOR_IPHONE_IPAD = NO;
				SWIFT_EMIT_LOC_STRINGS = YES;
				SWIFT_VERSION = 5.0;
				TARGETED_DEVICE_FAMILY = 1;
			};
			name = Release;
		};
		F660475D29B36D720053D136 /* Debug */ = {
			isa = XCBuildConfiguration;
			buildSettings = {
				ALWAYS_EMBED_SWIFT_STANDARD_LIBRARIES = YES;
				BUNDLE_LOADER = "$(TEST_HOST)";
				CODE_SIGN_STYLE = Automatic;
				CURRENT_PROJECT_VERSION = 1;
				DEVELOPMENT_TEAM = LWLYM5BX6D;
				GENERATE_INFOPLIST_FILE = YES;
				IPHONEOS_DEPLOYMENT_TARGET = 16.2;
				MARKETING_VERSION = 1.0;
				PRODUCT_BUNDLE_IDENTIFIER = markos.IslamskiObjektiUCrnojGoriTests;
				PRODUCT_NAME = "$(TARGET_NAME)";
				SWIFT_EMIT_LOC_STRINGS = NO;
				SWIFT_VERSION = 5.0;
				TARGETED_DEVICE_FAMILY = "1,2";
				TEST_HOST = "$(BUILT_PRODUCTS_DIR)/IslamskiObjektiUCrnojGori.app/$(BUNDLE_EXECUTABLE_FOLDER_PATH)/IslamskiObjektiUCrnojGori";
			};
			name = Debug;
		};
		F660475E29B36D720053D136 /* Release */ = {
			isa = XCBuildConfiguration;
			buildSettings = {
				ALWAYS_EMBED_SWIFT_STANDARD_LIBRARIES = YES;
				BUNDLE_LOADER = "$(TEST_HOST)";
				CODE_SIGN_STYLE = Automatic;
				CURRENT_PROJECT_VERSION = 1;
				DEVELOPMENT_TEAM = LWLYM5BX6D;
				GENERATE_INFOPLIST_FILE = YES;
				IPHONEOS_DEPLOYMENT_TARGET = 16.2;
				MARKETING_VERSION = 1.0;
				PRODUCT_BUNDLE_IDENTIFIER = markos.IslamskiObjektiUCrnojGoriTests;
				PRODUCT_NAME = "$(TARGET_NAME)";
				SWIFT_EMIT_LOC_STRINGS = NO;
				SWIFT_VERSION = 5.0;
				TARGETED_DEVICE_FAMILY = "1,2";
				TEST_HOST = "$(BUILT_PRODUCTS_DIR)/IslamskiObjektiUCrnojGori.app/$(BUNDLE_EXECUTABLE_FOLDER_PATH)/IslamskiObjektiUCrnojGori";
			};
			name = Release;
		};
		F660476029B36D720053D136 /* Debug */ = {
			isa = XCBuildConfiguration;
			buildSettings = {
				ALWAYS_EMBED_SWIFT_STANDARD_LIBRARIES = YES;
				CODE_SIGN_STYLE = Automatic;
				CURRENT_PROJECT_VERSION = 1;
				DEVELOPMENT_TEAM = LWLYM5BX6D;
				GENERATE_INFOPLIST_FILE = YES;
				MARKETING_VERSION = 1.0;
				PRODUCT_BUNDLE_IDENTIFIER = markos.IslamskiObjektiUCrnojGoriUITests;
				PRODUCT_NAME = "$(TARGET_NAME)";
				SWIFT_EMIT_LOC_STRINGS = NO;
				SWIFT_VERSION = 5.0;
				TARGETED_DEVICE_FAMILY = "1,2";
				TEST_TARGET_NAME = IslamskiObjektiUCrnojGori;
			};
			name = Debug;
		};
		F660476129B36D720053D136 /* Release */ = {
			isa = XCBuildConfiguration;
			buildSettings = {
				ALWAYS_EMBED_SWIFT_STANDARD_LIBRARIES = YES;
				CODE_SIGN_STYLE = Automatic;
				CURRENT_PROJECT_VERSION = 1;
				DEVELOPMENT_TEAM = LWLYM5BX6D;
				GENERATE_INFOPLIST_FILE = YES;
				MARKETING_VERSION = 1.0;
				PRODUCT_BUNDLE_IDENTIFIER = markos.IslamskiObjektiUCrnojGoriUITests;
				PRODUCT_NAME = "$(TARGET_NAME)";
				SWIFT_EMIT_LOC_STRINGS = NO;
				SWIFT_VERSION = 5.0;
				TARGETED_DEVICE_FAMILY = "1,2";
				TEST_TARGET_NAME = IslamskiObjektiUCrnojGori;
			};
			name = Release;
		};
/* End XCBuildConfiguration section */

/* Begin XCConfigurationList section */
		F660473029B36D710053D136 /* Build configuration list for PBXProject "IslamskiObjektiUCrnojGori" */ = {
			isa = XCConfigurationList;
			buildConfigurations = (
				F660475729B36D720053D136 /* Debug */,
				F660475829B36D720053D136 /* Release */,
			);
			defaultConfigurationIsVisible = 0;
			defaultConfigurationName = Release;
		};
		F660475929B36D720053D136 /* Build configuration list for PBXNativeTarget "IslamskiObjektiUCrnojGori" */ = {
			isa = XCConfigurationList;
			buildConfigurations = (
				F660475A29B36D720053D136 /* Debug */,
				F660475B29B36D720053D136 /* Release */,
			);
			defaultConfigurationIsVisible = 0;
			defaultConfigurationName = Release;
		};
		F660475C29B36D720053D136 /* Build configuration list for PBXNativeTarget "IslamskiObjektiUCrnojGoriTests" */ = {
			isa = XCConfigurationList;
			buildConfigurations = (
				F660475D29B36D720053D136 /* Debug */,
				F660475E29B36D720053D136 /* Release */,
			);
			defaultConfigurationIsVisible = 0;
			defaultConfigurationName = Release;
		};
		F660475F29B36D720053D136 /* Build configuration list for PBXNativeTarget "IslamskiObjektiUCrnojGoriUITests" */ = {
			isa = XCConfigurationList;
			buildConfigurations = (
				F660476029B36D720053D136 /* Debug */,
				F660476129B36D720053D136 /* Release */,
			);
			defaultConfigurationIsVisible = 0;
			defaultConfigurationName = Release;
		};
/* End XCConfigurationList section */

/* Begin XCRemoteSwiftPackageReference section */
		65A43FB429B7B83900D34E8B /* XCRemoteSwiftPackageReference "SwiftGenPlugin" */ = {
			isa = XCRemoteSwiftPackageReference;
			repositoryURL = "https://github.com/SwiftGen/SwiftGenPlugin";
			requirement = {
				kind = upToNextMajorVersion;
				minimumVersion = 6.0.0;
			};
		};
		65D38CB529B7BB0800072C9C /* XCRemoteSwiftPackageReference "SFSafeSymbols" */ = {
			isa = XCRemoteSwiftPackageReference;
			repositoryURL = "https://github.com/SFSafeSymbols/SFSafeSymbols.git";
			requirement = {
				kind = upToNextMajorVersion;
				minimumVersion = 4.0.0;
			};
		};
		65D38CC829B7E41F00072C9C /* XCRemoteSwiftPackageReference "SDWebImageSwiftUI" */ = {
			isa = XCRemoteSwiftPackageReference;
			repositoryURL = "https://github.com/SDWebImage/SDWebImageSwiftUI.git";
			requirement = {
				kind = upToNextMajorVersion;
				minimumVersion = 2.0.0;
			};
		};
		F660476329B371920053D136 /* XCRemoteSwiftPackageReference "mapbox-maps-ios" */ = {
			isa = XCRemoteSwiftPackageReference;
			repositoryURL = "https://github.com/mapbox/mapbox-maps-ios.git";
			requirement = {
				kind = exactVersion;
				version = 10.0.0;
			};
		};
/* End XCRemoteSwiftPackageReference section */

/* Begin XCSwiftPackageProductDependency section */
		65D38CB629B7BB0800072C9C /* SFSafeSymbols */ = {
			isa = XCSwiftPackageProductDependency;
			package = 65D38CB529B7BB0800072C9C /* XCRemoteSwiftPackageReference "SFSafeSymbols" */;
			productName = SFSafeSymbols;
		};
		65D38CC929B7E41F00072C9C /* SDWebImageSwiftUI */ = {
			isa = XCSwiftPackageProductDependency;
			package = 65D38CC829B7E41F00072C9C /* XCRemoteSwiftPackageReference "SDWebImageSwiftUI" */;
			productName = SDWebImageSwiftUI;
		};
		F660476429B371920053D136 /* MapboxMaps */ = {
			isa = XCSwiftPackageProductDependency;
			package = F660476329B371920053D136 /* XCRemoteSwiftPackageReference "mapbox-maps-ios" */;
			productName = MapboxMaps;
		};
/* End XCSwiftPackageProductDependency section */
	};
	rootObject = F660472D29B36D710053D136 /* Project object */;
}
