{
  "pins" : [
    {
      "identity" : "mapbox-common-ios",
      "kind" : "remoteSourceControl",
      "location" : "https://github.com/mapbox/mapbox-common-ios.git",
      "state" : {
        "revision" : "0344eb61ec9e3cf96c81b1767354a8a3cd1246fc",
        "version" : "20.0.0"
      }
    },
    {
      "identity" : "mapbox-core-maps-ios",
      "kind" : "remoteSourceControl",
      "location" : "https://github.com/mapbox/mapbox-core-maps-ios.git",
      "state" : {
        "revision" : "fd3b7e65b51fd984831c1337876b038ed183480b",
        "version" : "10.0.0"
      }
    },
    {
      "identity" : "mapbox-events-ios",
      "kind" : "remoteSourceControl",
      "location" : "https://github.com/mapbox/mapbox-events-ios.git",
      "state" : {
        "revision" : "42aa5121a6810adee85bbc3ceb45c9792ae416d0",
        "version" : "1.0.5"
      }
    },
    {
      "identity" : "mapbox-maps-ios",
      "kind" : "remoteSourceControl",
      "location" : "https://github.com/mapbox/mapbox-maps-ios.git",
      "state" : {
        "revision" : "75f38ef5c15a7ff97bd41f4243ad343befcd3e6a",
        "version" : "10.0.0"
      }
    },
    {
      "identity" : "turf-swift",
      "kind" : "remoteSourceControl",
      "location" : "https://github.com/mapbox/turf-swift.git",
      "state" : {
        "revision" : "87b5b37108ba9f37f0885b586d8f6355d8240dd8",
        "version" : "2.6.1"
      }
    }
  ],
  "version" : 2
}
